// !$*UTF8*$!
{
	archiveVersion = 1;
	classes = {
	};
	objectVersion = 46;
	objects = {

/* Begin PBXBuildFile section */
		1D38F51818E12C96006C5C70 /* Cocoa.framework in Frameworks */ = {isa = PBXBuildFile; fileRef = 1D38F51718E12C96006C5C70 /* Cocoa.framework */; };
		1D38F52418E12C96006C5C70 /* main.m in Sources */ = {isa = PBXBuildFile; fileRef = 1D38F52318E12C96006C5C70 /* main.m */; };
		1D38F53718E12C96006C5C70 /* XCTest.framework in Frameworks */ = {isa = PBXBuildFile; fileRef = 1D38F53618E12C96006C5C70 /* XCTest.framework */; };
		1D38F53818E12C96006C5C70 /* Cocoa.framework in Frameworks */ = {isa = PBXBuildFile; fileRef = 1D38F51718E12C96006C5C70 /* Cocoa.framework */; };
		1D38F54018E12C96006C5C70 /* InfoPlist.strings in Resources */ = {isa = PBXBuildFile; fileRef = 1D38F53E18E12C96006C5C70 /* InfoPlist.strings */; };
		1D38F54218E12C96006C5C70 /* NicoLiveAlertTests.m in Sources */ = {isa = PBXBuildFile; fileRef = 1D38F54118E12C96006C5C70 /* NicoLiveAlertTests.m */; };
		1D38F54C18E12DFE006C5C70 /* Security.framework in Frameworks */ = {isa = PBXBuildFile; fileRef = 1D38F54B18E12DFE006C5C70 /* Security.framework */; };
		1D38F55118E1300F006C5C70 /* NicoLiveAlert.m in Sources */ = {isa = PBXBuildFile; fileRef = 1D38F55018E1300F006C5C70 /* NicoLiveAlert.m */; };
		1D38F55218E1300F006C5C70 /* NicoLiveAlert.m in Sources */ = {isa = PBXBuildFile; fileRef = 1D38F55018E1300F006C5C70 /* NicoLiveAlert.m */; };
		1D38F55518E1304C006C5C70 /* main.m in Sources */ = {isa = PBXBuildFile; fileRef = 1D38F52318E12C96006C5C70 /* main.m */; };
		1D3D4187196593AE0099E679 /* YCKeychainService.framework in Frameworks */ = {isa = PBXBuildFile; fileRef = 1D3D4186196593AE0099E679 /* YCKeychainService.framework */; };
		1D3D4188196593AE0099E679 /* YCKeychainService.framework in Frameworks */ = {isa = PBXBuildFile; fileRef = 1D3D4186196593AE0099E679 /* YCKeychainService.framework */; };
		1D3D4189196593B80099E679 /* YCKeychainService.framework in Copy Frameworks */ = {isa = PBXBuildFile; fileRef = 1D3D4186196593AE0099E679 /* YCKeychainService.framework */; };
		1D3D418E1965F7A90099E679 /* Accounts.png in Resources */ = {isa = PBXBuildFile; fileRef = 1D3D418A1965F7A90099E679 /* Accounts.png */; };
		1D3D418F1965F7A90099E679 /* Accounts.png in Resources */ = {isa = PBXBuildFile; fileRef = 1D3D418A1965F7A90099E679 /* Accounts.png */; };
		1D3D41901965F7A90099E679 /* keys.png in Resources */ = {isa = PBXBuildFile; fileRef = 1D3D418B1965F7A90099E679 /* keys.png */; };
		1D3D41911965F7A90099E679 /* keys.png in Resources */ = {isa = PBXBuildFile; fileRef = 1D3D418B1965F7A90099E679 /* keys.png */; };
		1D3D41921965F7A90099E679 /* watch.png in Resources */ = {isa = PBXBuildFile; fileRef = 1D3D418C1965F7A90099E679 /* watch.png */; };
		1D3D41931965F7A90099E679 /* watch.png in Resources */ = {isa = PBXBuildFile; fileRef = 1D3D418C1965F7A90099E679 /* watch.png */; };
		1D3D41941965F7A90099E679 /* Growl.png in Resources */ = {isa = PBXBuildFile; fileRef = 1D3D418D1965F7A90099E679 /* Growl.png */; };
		1D3D41951965F7A90099E679 /* Growl.png in Resources */ = {isa = PBXBuildFile; fileRef = 1D3D418D1965F7A90099E679 /* Growl.png */; };
		1D3D41971965F93E0099E679 /* Bell.png in Resources */ = {isa = PBXBuildFile; fileRef = 1D3D41961965F93E0099E679 /* Bell.png */; };
		1D3D41981965F93E0099E679 /* Bell.png in Resources */ = {isa = PBXBuildFile; fileRef = 1D3D41961965F93E0099E679 /* Bell.png */; };
		1DAECBDA18E1307500C402AE /* Credits.rtf in Resources */ = {isa = PBXBuildFile; fileRef = 1DAECBD818E1307500C402AE /* Credits.rtf */; };
		1DAECBDB18E1307500C402AE /* Credits.rtf in Resources */ = {isa = PBXBuildFile; fileRef = 1DAECBD818E1307500C402AE /* Credits.rtf */; };
		1DAECBDE18E1308400C402AE /* InfoPlist.strings in Resources */ = {isa = PBXBuildFile; fileRef = 1DAECBDC18E1308400C402AE /* InfoPlist.strings */; };
		1DAECBDF18E1308400C402AE /* InfoPlist.strings in Resources */ = {isa = PBXBuildFile; fileRef = 1DAECBDC18E1308400C402AE /* InfoPlist.strings */; };
		1DAECBE218E1309400C402AE /* NicoLiveAlert.xib in Resources */ = {isa = PBXBuildFile; fileRef = 1DAECBE018E1309400C402AE /* NicoLiveAlert.xib */; };
		1DAECBE318E1309400C402AE /* NicoLiveAlert.xib in Resources */ = {isa = PBXBuildFile; fileRef = 1DAECBE018E1309400C402AE /* NicoLiveAlert.xib */; };
		1DAECBEC18E1311F00C402AE /* sbicon.png in Resources */ = {isa = PBXBuildFile; fileRef = 1DAECBE618E1311F00C402AE /* sbicon.png */; };
		1DAECBED18E1311F00C402AE /* sbicon.png in Resources */ = {isa = PBXBuildFile; fileRef = 1DAECBE618E1311F00C402AE /* sbicon.png */; };
		1DAECBEE18E1311F00C402AE /* NicoLiveAlert.icns in Resources */ = {isa = PBXBuildFile; fileRef = 1DAECBE718E1311F00C402AE /* NicoLiveAlert.icns */; };
		1DAECBEF18E1311F00C402AE /* NicoLiveAlert.icns in Resources */ = {isa = PBXBuildFile; fileRef = 1DAECBE718E1311F00C402AE /* NicoLiveAlert.icns */; };
		1DAECBF018E1311F00C402AE /* invisible.png in Resources */ = {isa = PBXBuildFile; fileRef = 1DAECBE818E1311F00C402AE /* invisible.png */; };
		1DAECBF118E1311F00C402AE /* invisible.png in Resources */ = {isa = PBXBuildFile; fileRef = 1DAECBE818E1311F00C402AE /* invisible.png */; };
		1DAECBF218E1311F00C402AE /* idle.png in Resources */ = {isa = PBXBuildFile; fileRef = 1DAECBE918E1311F00C402AE /* idle.png */; };
		1DAECBF318E1311F00C402AE /* idle.png in Resources */ = {isa = PBXBuildFile; fileRef = 1DAECBE918E1311F00C402AE /* idle.png */; };
		1DAECBF418E1311F00C402AE /* away.png in Resources */ = {isa = PBXBuildFile; fileRef = 1DAECBEA18E1311F00C402AE /* away.png */; };
		1DAECBF518E1311F00C402AE /* away.png in Resources */ = {isa = PBXBuildFile; fileRef = 1DAECBEA18E1311F00C402AE /* away.png */; };
		1DAECBF618E1311F00C402AE /* available.png in Resources */ = {isa = PBXBuildFile; fileRef = 1DAECBEB18E1311F00C402AE /* available.png */; };
		1DAECBF718E1311F00C402AE /* available.png in Resources */ = {isa = PBXBuildFile; fileRef = 1DAECBEB18E1311F00C402AE /* available.png */; };
		1DAECBFB18E1382A00C402AE /* NLStatusbar.mm in Sources */ = {isa = PBXBuildFile; fileRef = 1DAECBFA18E1382A00C402AE /* NLStatusbar.mm */; };
		1DE8F5DC1964561700079F1A /* MASPreferencesWindowController.m in Sources */ = {isa = PBXBuildFile; fileRef = 1DE8F5D81964561700079F1A /* MASPreferencesWindowController.m */; };
		1DE8F5DD1964561700079F1A /* MASPreferencesWindowController.m in Sources */ = {isa = PBXBuildFile; fileRef = 1DE8F5D81964561700079F1A /* MASPreferencesWindowController.m */; };
		1DE8F5DE1964561700079F1A /* MASPreferencesWindow.xib in Resources */ = {isa = PBXBuildFile; fileRef = 1DE8F5DA1964561700079F1A /* MASPreferencesWindow.xib */; };
		1DE8F5DF1964561700079F1A /* MASPreferencesWindow.xib in Resources */ = {isa = PBXBuildFile; fileRef = 1DE8F5DA1964561700079F1A /* MASPreferencesWindow.xib */; };
		1DE8F5E419645BF600079F1A /* NLAGeneralPreferenceViewController.mm in Sources */ = {isa = PBXBuildFile; fileRef = 1DE8F5E219645BF600079F1A /* NLAGeneralPreferenceViewController.mm */; };
		1DE8F5E519645BF600079F1A /* NLAGeneralPreferenceViewController.mm in Sources */ = {isa = PBXBuildFile; fileRef = 1DE8F5E219645BF600079F1A /* NLAGeneralPreferenceViewController.mm */; };
		1DE8F5EA19645C7000079F1A /* NLAGeneralPreferenceView.xib in Resources */ = {isa = PBXBuildFile; fileRef = 1DE8F5E819645C7000079F1A /* NLAGeneralPreferenceView.xib */; };
		1DE8F5EB19645C7000079F1A /* NLAGeneralPreferenceView.xib in Resources */ = {isa = PBXBuildFile; fileRef = 1DE8F5E819645C7000079F1A /* NLAGeneralPreferenceView.xib */; };
		1DE8F60B196464C100079F1A /* NLAWatchlistPreferenceView.xib in Resources */ = {isa = PBXBuildFile; fileRef = 1DE8F609196464C100079F1A /* NLAWatchlistPreferenceView.xib */; };
		1DE8F60C196464C100079F1A /* NLAWatchlistPreferenceView.xib in Resources */ = {isa = PBXBuildFile; fileRef = 1DE8F609196464C100079F1A /* NLAWatchlistPreferenceView.xib */; };
		1DE8F60F196464CD00079F1A /* NLAWatchlistPreferenceViewController.mm in Sources */ = {isa = PBXBuildFile; fileRef = 1DE8F60D196464CD00079F1A /* NLAWatchlistPreferenceViewController.mm */; };
		1DE8F610196464CD00079F1A /* NLAWatchlistPreferenceViewController.mm in Sources */ = {isa = PBXBuildFile; fileRef = 1DE8F60D196464CD00079F1A /* NLAWatchlistPreferenceViewController.mm */; };
		1DE8F614196465B200079F1A /* NLANotiryPreferenceViewController.mm in Sources */ = {isa = PBXBuildFile; fileRef = 1DE8F612196465B200079F1A /* NLANotiryPreferenceViewController.mm */; };
		1DE8F615196465B200079F1A /* NLANotiryPreferenceViewController.mm in Sources */ = {isa = PBXBuildFile; fileRef = 1DE8F612196465B200079F1A /* NLANotiryPreferenceViewController.mm */; };
		1DE8F61A1964660E00079F1A /* NLANotiryPreferenceView.xib in Resources */ = {isa = PBXBuildFile; fileRef = 1DE8F6181964660E00079F1A /* NLANotiryPreferenceView.xib */; };
		1DE8F61B1964660E00079F1A /* NLANotiryPreferenceView.xib in Resources */ = {isa = PBXBuildFile; fileRef = 1DE8F6181964660E00079F1A /* NLANotiryPreferenceView.xib */; };
		1DE8F61F1964673900079F1A /* NLAAccountPreferenceViewController.mm in Sources */ = {isa = PBXBuildFile; fileRef = 1DE8F61D1964673900079F1A /* NLAAccountPreferenceViewController.mm */; };
		1DE8F6201964673900079F1A /* NLAAccountPreferenceViewController.mm in Sources */ = {isa = PBXBuildFile; fileRef = 1DE8F61D1964673900079F1A /* NLAAccountPreferenceViewController.mm */; };
		1DE8F6251964678E00079F1A /* NLAAccountPreferenceView.xib in Resources */ = {isa = PBXBuildFile; fileRef = 1DE8F6231964678E00079F1A /* NLAAccountPreferenceView.xib */; };
		1DE8F6261964678E00079F1A /* NLAAccountPreferenceView.xib in Resources */ = {isa = PBXBuildFile; fileRef = 1DE8F6231964678E00079F1A /* NLAAccountPreferenceView.xib */; };
		1DE8F62A1964893F00079F1A /* Localizable.strings in Resources */ = {isa = PBXBuildFile; fileRef = 1DE8F6271964893F00079F1A /* Localizable.strings */; };
		1DE8F62B1964893F00079F1A /* Localizable.strings in Resources */ = {isa = PBXBuildFile; fileRef = 1DE8F6271964893F00079F1A /* Localizable.strings */; };
		1DE8F62D1964893F00079F1A /* NicoLiveAlert-Info.plist in Resources */ = {isa = PBXBuildFile; fileRef = 1D38F51F18E12C96006C5C70 /* NicoLiveAlert-Info.plist */; };
		1DECEC3019658D1B00593455 /* Key.png in Resources */ = {isa = PBXBuildFile; fileRef = 1DECEC2F19658D1B00593455 /* Key.png */; };
/* End PBXBuildFile section */

/* Begin PBXContainerItemProxy section */
		1D38F53918E12C96006C5C70 /* PBXContainerItemProxy */ = {
			isa = PBXContainerItemProxy;
			containerPortal = 1D38F50C18E12C96006C5C70 /* Project object */;
			proxyType = 1;
			remoteGlobalIDString = 1D38F51318E12C96006C5C70;
			remoteInfo = NicoLiveAlert;
		};
/* End PBXContainerItemProxy section */

/* Begin PBXCopyFilesBuildPhase section */
		1D9B5E9A19657DCD00A54C1D /* Copy Frameworks */ = {
			isa = PBXCopyFilesBuildPhase;
			buildActionMask = 12;
			dstPath = "";
			dstSubfolderSpec = 10;
			files = (
				1D3D4189196593B80099E679 /* YCKeychainService.framework in Copy Frameworks */,
			);
			name = "Copy Frameworks";
			runOnlyForDeploymentPostprocessing = 0;
		};
		1D9B5E9D19657F1800A54C1D /* CopyFiles */ = {
			isa = PBXCopyFilesBuildPhase;
			buildActionMask = 2147483647;
			dstPath = "";
			dstSubfolderSpec = 10;
			files = (
			);
			runOnlyForDeploymentPostprocessing = 0;
		};
/* End PBXCopyFilesBuildPhase section */

/* Begin PBXFileReference section */
		1D38F51418E12C96006C5C70 /* NicoLiveAlert.app */ = {isa = PBXFileReference; explicitFileType = wrapper.application; includeInIndex = 0; path = NicoLiveAlert.app; sourceTree = BUILT_PRODUCTS_DIR; };
		1D38F51718E12C96006C5C70 /* Cocoa.framework */ = {isa = PBXFileReference; lastKnownFileType = wrapper.framework; name = Cocoa.framework; path = System/Library/Frameworks/Cocoa.framework; sourceTree = SDKROOT; };
		1D38F51A18E12C96006C5C70 /* AppKit.framework */ = {isa = PBXFileReference; lastKnownFileType = wrapper.framework; name = AppKit.framework; path = System/Library/Frameworks/AppKit.framework; sourceTree = SDKROOT; };
		1D38F51B18E12C96006C5C70 /* CoreData.framework */ = {isa = PBXFileReference; lastKnownFileType = wrapper.framework; name = CoreData.framework; path = System/Library/Frameworks/CoreData.framework; sourceTree = SDKROOT; };
		1D38F51C18E12C96006C5C70 /* Foundation.framework */ = {isa = PBXFileReference; lastKnownFileType = wrapper.framework; name = Foundation.framework; path = System/Library/Frameworks/Foundation.framework; sourceTree = SDKROOT; };
		1D38F51F18E12C96006C5C70 /* NicoLiveAlert-Info.plist */ = {isa = PBXFileReference; fileEncoding = 4; lastKnownFileType = text.plist.xml; path = "NicoLiveAlert-Info.plist"; sourceTree = "<group>"; };
		1D38F52318E12C96006C5C70 /* main.m */ = {isa = PBXFileReference; fileEncoding = 4; lastKnownFileType = sourcecode.c.objc; path = main.m; sourceTree = "<group>"; };
		1D38F52518E12C96006C5C70 /* NicoLiveAlert-Prefix.pch */ = {isa = PBXFileReference; lastKnownFileType = sourcecode.c.h; path = "NicoLiveAlert-Prefix.pch"; sourceTree = "<group>"; };
		1D38F52F18E12C96006C5C70 /* Images.xcassets */ = {isa = PBXFileReference; lastKnownFileType = folder.assetcatalog; path = Images.xcassets; sourceTree = "<group>"; };
		1D38F53518E12C96006C5C70 /* NicoLiveAlertTests.xctest */ = {isa = PBXFileReference; explicitFileType = wrapper.cfbundle; includeInIndex = 0; path = NicoLiveAlertTests.xctest; sourceTree = BUILT_PRODUCTS_DIR; };
		1D38F53618E12C96006C5C70 /* XCTest.framework */ = {isa = PBXFileReference; lastKnownFileType = wrapper.framework; name = XCTest.framework; path = Library/Frameworks/XCTest.framework; sourceTree = DEVELOPER_DIR; };
		1D38F53D18E12C96006C5C70 /* NicoLiveAlertTests-Info.plist */ = {isa = PBXFileReference; lastKnownFileType = text.plist.xml; path = "NicoLiveAlertTests-Info.plist"; sourceTree = "<group>"; };
		1D38F53F18E12C96006C5C70 /* en */ = {isa = PBXFileReference; lastKnownFileType = text.plist.strings; name = en; path = en.lproj/InfoPlist.strings; sourceTree = "<group>"; };
		1D38F54118E12C96006C5C70 /* NicoLiveAlertTests.m */ = {isa = PBXFileReference; lastKnownFileType = sourcecode.c.objc; path = NicoLiveAlertTests.m; sourceTree = "<group>"; };
		1D38F54B18E12DFE006C5C70 /* Security.framework */ = {isa = PBXFileReference; lastKnownFileType = wrapper.framework; name = Security.framework; path = System/Library/Frameworks/Security.framework; sourceTree = SDKROOT; };
		1D38F55018E1300F006C5C70 /* NicoLiveAlert.m */ = {isa = PBXFileReference; fileEncoding = 4; lastKnownFileType = sourcecode.c.objc; name = NicoLiveAlert.m; path = Application/NicoLiveAlert.m; sourceTree = "<group>"; };
		1D38F55318E13020006C5C70 /* NicoLiveAlert.h */ = {isa = PBXFileReference; fileEncoding = 4; lastKnownFileType = sourcecode.c.h; name = NicoLiveAlert.h; path = Application/NicoLiveAlert.h; sourceTree = "<group>"; };
		1D3D4186196593AE0099E679 /* YCKeychainService.framework */ = {isa = PBXFileReference; lastKnownFileType = wrapper.framework; name = YCKeychainService.framework; path = NicoLiveAlert/Frameworks/YCKeychainService.framework; sourceTree = "<group>"; };
		1D3D418A1965F7A90099E679 /* Accounts.png */ = {isa = PBXFileReference; lastKnownFileType = image.png; name = Accounts.png; path = Images/Accounts.png; sourceTree = "<group>"; };
		1D3D418B1965F7A90099E679 /* keys.png */ = {isa = PBXFileReference; lastKnownFileType = image.png; name = keys.png; path = Images/keys.png; sourceTree = "<group>"; };
		1D3D418C1965F7A90099E679 /* watch.png */ = {isa = PBXFileReference; lastKnownFileType = image.png; name = watch.png; path = Images/watch.png; sourceTree = "<group>"; };
		1D3D418D1965F7A90099E679 /* Growl.png */ = {isa = PBXFileReference; lastKnownFileType = image.png; name = Growl.png; path = Images/Growl.png; sourceTree = "<group>"; };
		1D3D41961965F93E0099E679 /* Bell.png */ = {isa = PBXFileReference; lastKnownFileType = image.png; name = Bell.png; path = Images/Bell.png; sourceTree = "<group>"; };
		1DAECBD918E1307500C402AE /* en */ = {isa = PBXFileReference; lastKnownFileType = text.rtf; name = en; path = Localize/en.lproj/Credits.rtf; sourceTree = "<group>"; };
		1DAECBDD18E1308400C402AE /* en */ = {isa = PBXFileReference; lastKnownFileType = text.plist.strings; name = en; path = Localize/en.lproj/InfoPlist.strings; sourceTree = "<group>"; };
		1DAECBE118E1309400C402AE /* en */ = {isa = PBXFileReference; lastKnownFileType = file.xib; name = en; path = Localize/en.lproj/NicoLiveAlert.xib; sourceTree = "<group>"; };
		1DAECBE618E1311F00C402AE /* sbicon.png */ = {isa = PBXFileReference; lastKnownFileType = image.png; name = sbicon.png; path = Images/sbicon.png; sourceTree = "<group>"; };
		1DAECBE718E1311F00C402AE /* NicoLiveAlert.icns */ = {isa = PBXFileReference; lastKnownFileType = image.icns; name = NicoLiveAlert.icns; path = Images/NicoLiveAlert.icns; sourceTree = "<group>"; };
		1DAECBE818E1311F00C402AE /* invisible.png */ = {isa = PBXFileReference; lastKnownFileType = image.png; name = invisible.png; path = Images/invisible.png; sourceTree = "<group>"; };
		1DAECBE918E1311F00C402AE /* idle.png */ = {isa = PBXFileReference; lastKnownFileType = image.png; name = idle.png; path = Images/idle.png; sourceTree = "<group>"; };
		1DAECBEA18E1311F00C402AE /* away.png */ = {isa = PBXFileReference; lastKnownFileType = image.png; name = away.png; path = Images/away.png; sourceTree = "<group>"; };
		1DAECBEB18E1311F00C402AE /* available.png */ = {isa = PBXFileReference; lastKnownFileType = image.png; name = available.png; path = Images/available.png; sourceTree = "<group>"; };
		1DAECBF918E1382A00C402AE /* NLStatusbar.h */ = {isa = PBXFileReference; fileEncoding = 4; lastKnownFileType = sourcecode.c.h; name = NLStatusbar.h; path = GUI/NLStatusbar.h; sourceTree = "<group>"; };
		1DAECBFA18E1382A00C402AE /* NLStatusbar.mm */ = {isa = PBXFileReference; fileEncoding = 4; lastKnownFileType = sourcecode.cpp.objcpp; name = NLStatusbar.mm; path = GUI/NLStatusbar.mm; sourceTree = "<group>"; };
		1DE8F5D81964561700079F1A /* MASPreferencesWindowController.m */ = {isa = PBXFileReference; fileEncoding = 4; lastKnownFileType = sourcecode.c.objc; name = MASPreferencesWindowController.m; path = External/MASPreferences/MASPreferencesWindowController.m; sourceTree = "<group>"; };
		1DE8F5D91964561700079F1A /* MASPreferencesWindowController.h */ = {isa = PBXFileReference; fileEncoding = 4; lastKnownFileType = sourcecode.c.h; name = MASPreferencesWindowController.h; path = External/MASPreferences/MASPreferencesWindowController.h; sourceTree = "<group>"; };
		1DE8F5DA1964561700079F1A /* MASPreferencesWindow.xib */ = {isa = PBXFileReference; fileEncoding = 4; lastKnownFileType = file.xib; name = MASPreferencesWindow.xib; path = External/MASPreferences/MASPreferencesWindow.xib; sourceTree = "<group>"; };
		1DE8F5DB1964561700079F1A /* MASPreferencesViewController.h */ = {isa = PBXFileReference; fileEncoding = 4; lastKnownFileType = sourcecode.c.h; name = MASPreferencesViewController.h; path = External/MASPreferences/MASPreferencesViewController.h; sourceTree = "<group>"; };
		1DE8F5E119645BF600079F1A /* NLAGeneralPreferenceViewController.h */ = {isa = PBXFileReference; fileEncoding = 4; lastKnownFileType = sourcecode.c.h; name = NLAGeneralPreferenceViewController.h; path = PreferencePanels/NLAGeneralPreferenceViewController.h; sourceTree = "<group>"; };
		1DE8F5E219645BF600079F1A /* NLAGeneralPreferenceViewController.mm */ = {isa = PBXFileReference; fileEncoding = 4; lastKnownFileType = sourcecode.cpp.objcpp; name = NLAGeneralPreferenceViewController.mm; path = PreferencePanels/NLAGeneralPreferenceViewController.mm; sourceTree = "<group>"; };
		1DE8F5E919645C7000079F1A /* en */ = {isa = PBXFileReference; lastKnownFileType = file.xib; name = en; path = Localize/en.lproj/NLAGeneralPreferenceView.xib; sourceTree = "<group>"; };
		1DE8F60A196464C100079F1A /* en */ = {isa = PBXFileReference; lastKnownFileType = file.xib; name = en; path = Localize/en.lproj/NLAWatchlistPreferenceView.xib; sourceTree = "<group>"; };
		1DE8F60D196464CD00079F1A /* NLAWatchlistPreferenceViewController.mm */ = {isa = PBXFileReference; fileEncoding = 4; lastKnownFileType = sourcecode.cpp.objcpp; name = NLAWatchlistPreferenceViewController.mm; path = PreferencePanels/NLAWatchlistPreferenceViewController.mm; sourceTree = "<group>"; };
		1DE8F60E196464CD00079F1A /* NLAWatchlistPreferenceViewController.h */ = {isa = PBXFileReference; fileEncoding = 4; lastKnownFileType = sourcecode.c.h; name = NLAWatchlistPreferenceViewController.h; path = PreferencePanels/NLAWatchlistPreferenceViewController.h; sourceTree = "<group>"; };
		1DE8F611196465B200079F1A /* NLANotiryPreferenceViewController.h */ = {isa = PBXFileReference; fileEncoding = 4; lastKnownFileType = sourcecode.c.h; name = NLANotiryPreferenceViewController.h; path = PreferencePanels/NLANotiryPreferenceViewController.h; sourceTree = "<group>"; };
		1DE8F612196465B200079F1A /* NLANotiryPreferenceViewController.mm */ = {isa = PBXFileReference; fileEncoding = 4; lastKnownFileType = sourcecode.cpp.objcpp; name = NLANotiryPreferenceViewController.mm; path = PreferencePanels/NLANotiryPreferenceViewController.mm; sourceTree = "<group>"; };
		1DE8F6191964660E00079F1A /* en */ = {isa = PBXFileReference; lastKnownFileType = file.xib; name = en; path = Localize/en.lproj/NLANotiryPreferenceView.xib; sourceTree = "<group>"; };
		1DE8F61C1964673900079F1A /* NLAAccountPreferenceViewController.h */ = {isa = PBXFileReference; fileEncoding = 4; lastKnownFileType = sourcecode.c.h; name = NLAAccountPreferenceViewController.h; path = PreferencePanels/NLAAccountPreferenceViewController.h; sourceTree = "<group>"; };
		1DE8F61D1964673900079F1A /* NLAAccountPreferenceViewController.mm */ = {isa = PBXFileReference; fileEncoding = 4; lastKnownFileType = sourcecode.cpp.objcpp; name = NLAAccountPreferenceViewController.mm; path = PreferencePanels/NLAAccountPreferenceViewController.mm; sourceTree = "<group>"; };
		1DE8F6241964678E00079F1A /* en */ = {isa = PBXFileReference; lastKnownFileType = file.xib; name = en; path = Localize/en.lproj/NLAAccountPreferenceView.xib; sourceTree = "<group>"; };
		1DE8F6281964893F00079F1A /* ja */ = {isa = PBXFileReference; lastKnownFileType = text.plist.strings; name = ja; path = Localize/ja.lproj/Localizable.strings; sourceTree = "<group>"; };
		1DE8F6291964893F00079F1A /* en */ = {isa = PBXFileReference; lastKnownFileType = text.plist.strings; name = en; path = Localize/en.lproj/Localizable.strings; sourceTree = "<group>"; };
		1DE8F62E19648A0100079F1A /* NicoLiveAlertPreferencesDefinitions.h */ = {isa = PBXFileReference; fileEncoding = 4; lastKnownFileType = sourcecode.c.h; name = NicoLiveAlertPreferencesDefinitions.h; path = PreferencePanels/NicoLiveAlertPreferencesDefinitions.h; sourceTree = "<group>"; };
		1DE8F62F19648DE500079F1A /* NicoLiveAlertDefinitions.h */ = {isa = PBXFileReference; fileEncoding = 4; lastKnownFileType = sourcecode.c.h; name = NicoLiveAlertDefinitions.h; path = Application/NicoLiveAlertDefinitions.h; sourceTree = "<group>"; };
		1DECEC2F19658D1B00593455 /* Key.png */ = {isa = PBXFileReference; lastKnownFileType = image.png; name = Key.png; path = Images/Key.png; sourceTree = "<group>"; };
/* End PBXFileReference section */

/* Begin PBXFrameworksBuildPhase section */
		1D38F51118E12C96006C5C70 /* Frameworks */ = {
			isa = PBXFrameworksBuildPhase;
			buildActionMask = 2147483647;
			files = (
				1D38F54C18E12DFE006C5C70 /* Security.framework in Frameworks */,
				1D38F51818E12C96006C5C70 /* Cocoa.framework in Frameworks */,
				1D3D4187196593AE0099E679 /* YCKeychainService.framework in Frameworks */,
			);
			runOnlyForDeploymentPostprocessing = 0;
		};
		1D38F53218E12C96006C5C70 /* Frameworks */ = {
			isa = PBXFrameworksBuildPhase;
			buildActionMask = 2147483647;
			files = (
				1D38F53818E12C96006C5C70 /* Cocoa.framework in Frameworks */,
				1D38F53718E12C96006C5C70 /* XCTest.framework in Frameworks */,
				1D3D4188196593AE0099E679 /* YCKeychainService.framework in Frameworks */,
			);
			runOnlyForDeploymentPostprocessing = 0;
		};
/* End PBXFrameworksBuildPhase section */

/* Begin PBXGroup section */
		1D38F50B18E12C96006C5C70 = {
			isa = PBXGroup;
			children = (
				1D38F51D18E12C96006C5C70 /* NicoLiveAlert */,
				1D38F53B18E12C96006C5C70 /* NicoLiveAlertTests */,
				1D38F51618E12C96006C5C70 /* Frameworks */,
				1D38F51518E12C96006C5C70 /* Products */,
			);
			sourceTree = "<group>";
		};
		1D38F51518E12C96006C5C70 /* Products */ = {
			isa = PBXGroup;
			children = (
				1D38F51418E12C96006C5C70 /* NicoLiveAlert.app */,
				1D38F53518E12C96006C5C70 /* NicoLiveAlertTests.xctest */,
			);
			name = Products;
			sourceTree = "<group>";
		};
		1D38F51618E12C96006C5C70 /* Frameworks */ = {
			isa = PBXGroup;
			children = (
				1D3D4186196593AE0099E679 /* YCKeychainService.framework */,
				1D38F54B18E12DFE006C5C70 /* Security.framework */,
				1D38F51718E12C96006C5C70 /* Cocoa.framework */,
				1D38F53618E12C96006C5C70 /* XCTest.framework */,
				1D38F51918E12C96006C5C70 /* Other Frameworks */,
			);
			name = Frameworks;
			sourceTree = "<group>";
		};
		1D38F51918E12C96006C5C70 /* Other Frameworks */ = {
			isa = PBXGroup;
			children = (
				1D38F51A18E12C96006C5C70 /* AppKit.framework */,
				1D38F51B18E12C96006C5C70 /* CoreData.framework */,
				1D38F51C18E12C96006C5C70 /* Foundation.framework */,
			);
			name = "Other Frameworks";
			sourceTree = "<group>";
		};
		1D38F51D18E12C96006C5C70 /* NicoLiveAlert */ = {
			isa = PBXGroup;
			children = (
				1DAECBE418E1309D00C402AE /* Application */,
				1DAECBF818E137CE00C402AE /* GUI */,
				1DE8F5E019645BA900079F1A /* Preference */,
				1D38F51E18E12C96006C5C70 /* Supporting Files */,
				1DE8F5D6196455ED00079F1A /* External */,
				1DAECBE518E130FD00C402AE /* Images */,
				1D38F52F18E12C96006C5C70 /* Images.xcassets */,
			);
			path = NicoLiveAlert;
			sourceTree = "<group>";
		};
		1D38F51E18E12C96006C5C70 /* Supporting Files */ = {
			isa = PBXGroup;
			children = (
				1DE8F6271964893F00079F1A /* Localizable.strings */,
				1D38F51F18E12C96006C5C70 /* NicoLiveAlert-Info.plist */,
				1DAECBDC18E1308400C402AE /* InfoPlist.strings */,
				1DAECBD818E1307500C402AE /* Credits.rtf */,
				1D38F52318E12C96006C5C70 /* main.m */,
				1D38F52518E12C96006C5C70 /* NicoLiveAlert-Prefix.pch */,
			);
			name = "Supporting Files";
			sourceTree = "<group>";
		};
		1D38F53B18E12C96006C5C70 /* NicoLiveAlertTests */ = {
			isa = PBXGroup;
			children = (
				1D38F54118E12C96006C5C70 /* NicoLiveAlertTests.m */,
				1D38F53C18E12C96006C5C70 /* Supporting Files */,
			);
			path = NicoLiveAlertTests;
			sourceTree = "<group>";
		};
		1D38F53C18E12C96006C5C70 /* Supporting Files */ = {
			isa = PBXGroup;
			children = (
				1D38F53D18E12C96006C5C70 /* NicoLiveAlertTests-Info.plist */,
				1D38F53E18E12C96006C5C70 /* InfoPlist.strings */,
			);
			name = "Supporting Files";
			sourceTree = "<group>";
		};
		1DAECBE418E1309D00C402AE /* Application */ = {
			isa = PBXGroup;
			children = (
				1DE8F62F19648DE500079F1A /* NicoLiveAlertDefinitions.h */,
				1D38F55318E13020006C5C70 /* NicoLiveAlert.h */,
				1D38F55018E1300F006C5C70 /* NicoLiveAlert.m */,
				1DAECBE018E1309400C402AE /* NicoLiveAlert.xib */,
			);
			name = Application;
			sourceTree = "<group>";
		};
		1DAECBE518E130FD00C402AE /* Images */ = {
			isa = PBXGroup;
			children = (
				1D3D418A1965F7A90099E679 /* Accounts.png */,
				1D3D41961965F93E0099E679 /* Bell.png */,
				1D3D418B1965F7A90099E679 /* keys.png */,
				1D3D418C1965F7A90099E679 /* watch.png */,
				1D3D418D1965F7A90099E679 /* Growl.png */,
				1DAECBE618E1311F00C402AE /* sbicon.png */,
				1DAECBE718E1311F00C402AE /* NicoLiveAlert.icns */,
				1DAECBE818E1311F00C402AE /* invisible.png */,
				1DAECBE918E1311F00C402AE /* idle.png */,
				1DAECBEA18E1311F00C402AE /* away.png */,
				1DAECBEB18E1311F00C402AE /* available.png */,
				1DECEC2F19658D1B00593455 /* Key.png */,
			);
			name = Images;
			sourceTree = "<group>";
		};
		1DAECBF818E137CE00C402AE /* GUI */ = {
			isa = PBXGroup;
			children = (
				1DAECBF918E1382A00C402AE /* NLStatusbar.h */,
				1DAECBFA18E1382A00C402AE /* NLStatusbar.mm */,
			);
			name = GUI;
			sourceTree = "<group>";
		};
		1DE8F5D6196455ED00079F1A /* External */ = {
			isa = PBXGroup;
			children = (
				1DE8F5D7196455FE00079F1A /* MASPreferences */,
			);
			name = External;
			sourceTree = "<group>";
		};
		1DE8F5D7196455FE00079F1A /* MASPreferences */ = {
			isa = PBXGroup;
			children = (
				1DE8F5D81964561700079F1A /* MASPreferencesWindowController.m */,
				1DE8F5D91964561700079F1A /* MASPreferencesWindowController.h */,
				1DE8F5DA1964561700079F1A /* MASPreferencesWindow.xib */,
				1DE8F5DB1964561700079F1A /* MASPreferencesViewController.h */,
			);
			name = MASPreferences;
			sourceTree = "<group>";
		};
		1DE8F5E019645BA900079F1A /* Preference */ = {
			isa = PBXGroup;
			children = (
				1DE8F62E19648A0100079F1A /* NicoLiveAlertPreferencesDefinitions.h */,
				1DE8F5E119645BF600079F1A /* NLAGeneralPreferenceViewController.h */,
				1DE8F5E219645BF600079F1A /* NLAGeneralPreferenceViewController.mm */,
				1DE8F5E819645C7000079F1A /* NLAGeneralPreferenceView.xib */,
				1DE8F60E196464CD00079F1A /* NLAWatchlistPreferenceViewController.h */,
				1DE8F60D196464CD00079F1A /* NLAWatchlistPreferenceViewController.mm */,
				1DE8F609196464C100079F1A /* NLAWatchlistPreferenceView.xib */,
				1DE8F611196465B200079F1A /* NLANotiryPreferenceViewController.h */,
				1DE8F612196465B200079F1A /* NLANotiryPreferenceViewController.mm */,
				1DE8F6181964660E00079F1A /* NLANotiryPreferenceView.xib */,
				1DE8F61C1964673900079F1A /* NLAAccountPreferenceViewController.h */,
				1DE8F61D1964673900079F1A /* NLAAccountPreferenceViewController.mm */,
				1DE8F6231964678E00079F1A /* NLAAccountPreferenceView.xib */,
			);
			name = Preference;
			sourceTree = "<group>";
		};
/* End PBXGroup section */

/* Begin PBXNativeTarget section */
		1D38F51318E12C96006C5C70 /* NicoLiveAlert */ = {
			isa = PBXNativeTarget;
			buildConfigurationList = 1D38F54518E12C96006C5C70 /* Build configuration list for PBXNativeTarget "NicoLiveAlert" */;
			buildPhases = (
				1D38F51018E12C96006C5C70 /* Sources */,
				1D38F51118E12C96006C5C70 /* Frameworks */,
				1D38F51218E12C96006C5C70 /* Resources */,
				1D9B5E9A19657DCD00A54C1D /* Copy Frameworks */,
			);
			buildRules = (
			);
			dependencies = (
			);
			name = NicoLiveAlert;
			productName = NicoLiveAlert;
			productReference = 1D38F51418E12C96006C5C70 /* NicoLiveAlert.app */;
			productType = "com.apple.product-type.application";
		};
		1D38F53418E12C96006C5C70 /* NicoLiveAlertTests */ = {
			isa = PBXNativeTarget;
			buildConfigurationList = 1D38F54818E12C96006C5C70 /* Build configuration list for PBXNativeTarget "NicoLiveAlertTests" */;
			buildPhases = (
				1D38F53118E12C96006C5C70 /* Sources */,
				1D38F53218E12C96006C5C70 /* Frameworks */,
				1D38F53318E12C96006C5C70 /* Resources */,
				1D9B5E9D19657F1800A54C1D /* CopyFiles */,
			);
			buildRules = (
			);
			dependencies = (
				1D38F53A18E12C96006C5C70 /* PBXTargetDependency */,
			);
			name = NicoLiveAlertTests;
			productName = NicoLiveAlertTests;
			productReference = 1D38F53518E12C96006C5C70 /* NicoLiveAlertTests.xctest */;
			productType = "com.apple.product-type.bundle.unit-test";
		};
/* End PBXNativeTarget section */

/* Begin PBXProject section */
		1D38F50C18E12C96006C5C70 /* Project object */ = {
			isa = PBXProject;
			attributes = {
				CLASSPREFIX = NL;
				LastUpgradeCheck = 0510;
				ORGANIZATIONNAME = "Instrumentality of mankind";
				TargetAttributes = {
					1D38F53418E12C96006C5C70 = {
						TestTargetID = 1D38F51318E12C96006C5C70;
					};
				};
			};
			buildConfigurationList = 1D38F50F18E12C96006C5C70 /* Build configuration list for PBXProject "NicoLiveAlert" */;
			compatibilityVersion = "Xcode 3.2";
			developmentRegion = English;
			hasScannedForEncodings = 0;
			knownRegions = (
				en,
				Base,
				ja,
			);
			mainGroup = 1D38F50B18E12C96006C5C70;
			productRefGroup = 1D38F51518E12C96006C5C70 /* Products */;
			projectDirPath = "";
			projectRoot = "";
			targets = (
				1D38F51318E12C96006C5C70 /* NicoLiveAlert */,
				1D38F53418E12C96006C5C70 /* NicoLiveAlertTests */,
			);
		};
/* End PBXProject section */

/* Begin PBXResourcesBuildPhase section */
		1D38F51218E12C96006C5C70 /* Resources */ = {
			isa = PBXResourcesBuildPhase;
			buildActionMask = 2147483647;
			files = (
				1DE8F5DE1964561700079F1A /* MASPreferencesWindow.xib in Resources */,
				1DAECBF218E1311F00C402AE /* idle.png in Resources */,
				1DAECBF418E1311F00C402AE /* away.png in Resources */,
				1D3D41941965F7A90099E679 /* Growl.png in Resources */,
				1D3D418E1965F7A90099E679 /* Accounts.png in Resources */,
				1DECEC3019658D1B00593455 /* Key.png in Resources */,
				1DAECBDE18E1308400C402AE /* InfoPlist.strings in Resources */,
				1DAECBDA18E1307500C402AE /* Credits.rtf in Resources */,
				1DAECBF018E1311F00C402AE /* invisible.png in Resources */,
				1DE8F5EA19645C7000079F1A /* NLAGeneralPreferenceView.xib in Resources */,
				1DAECBEC18E1311F00C402AE /* sbicon.png in Resources */,
				1DAECBF618E1311F00C402AE /* available.png in Resources */,
				1D3D41901965F7A90099E679 /* keys.png in Resources */,
				1DE8F60B196464C100079F1A /* NLAWatchlistPreferenceView.xib in Resources */,
				1D3D41921965F7A90099E679 /* watch.png in Resources */,
				1DAECBEE18E1311F00C402AE /* NicoLiveAlert.icns in Resources */,
				1DE8F6251964678E00079F1A /* NLAAccountPreferenceView.xib in Resources */,
				1DE8F62A1964893F00079F1A /* Localizable.strings in Resources */,
				1D3D41971965F93E0099E679 /* Bell.png in Resources */,
				1DE8F61A1964660E00079F1A /* NLANotiryPreferenceView.xib in Resources */,
				1DAECBE218E1309400C402AE /* NicoLiveAlert.xib in Resources */,
			);
			runOnlyForDeploymentPostprocessing = 0;
		};
		1D38F53318E12C96006C5C70 /* Resources */ = {
			isa = PBXResourcesBuildPhase;
			buildActionMask = 2147483647;
			files = (
				1D38F54018E12C96006C5C70 /* InfoPlist.strings in Resources */,
				1DE8F5DF1964561700079F1A /* MASPreferencesWindow.xib in Resources */,
				1DAECBF318E1311F00C402AE /* idle.png in Resources */,
				1D3D418F1965F7A90099E679 /* Accounts.png in Resources */,
				1DE8F62D1964893F00079F1A /* NicoLiveAlert-Info.plist in Resources */,
				1DAECBF518E1311F00C402AE /* away.png in Resources */,
				1DAECBDF18E1308400C402AE /* InfoPlist.strings in Resources */,
				1D3D41951965F7A90099E679 /* Growl.png in Resources */,
				1DAECBDB18E1307500C402AE /* Credits.rtf in Resources */,
				1DAECBF118E1311F00C402AE /* invisible.png in Resources */,
				1DE8F5EB19645C7000079F1A /* NLAGeneralPreferenceView.xib in Resources */,
				1DAECBED18E1311F00C402AE /* sbicon.png in Resources */,
				1D3D41981965F93E0099E679 /* Bell.png in Resources */,
				1DAECBF718E1311F00C402AE /* available.png in Resources */,
				1D3D41911965F7A90099E679 /* keys.png in Resources */,
				1DE8F60C196464C100079F1A /* NLAWatchlistPreferenceView.xib in Resources */,
				1DAECBEF18E1311F00C402AE /* NicoLiveAlert.icns in Resources */,
				1DE8F6261964678E00079F1A /* NLAAccountPreferenceView.xib in Resources */,
				1DE8F62B1964893F00079F1A /* Localizable.strings in Resources */,
				1DE8F61B1964660E00079F1A /* NLANotiryPreferenceView.xib in Resources */,
				1DAECBE318E1309400C402AE /* NicoLiveAlert.xib in Resources */,
				1D3D41931965F7A90099E679 /* watch.png in Resources */,
			);
			runOnlyForDeploymentPostprocessing = 0;
		};
/* End PBXResourcesBuildPhase section */

/* Begin PBXSourcesBuildPhase section */
		1D38F51018E12C96006C5C70 /* Sources */ = {
			isa = PBXSourcesBuildPhase;
			buildActionMask = 2147483647;
			files = (
				1DE8F5DC1964561700079F1A /* MASPreferencesWindowController.m in Sources */,
				1DE8F614196465B200079F1A /* NLANotiryPreferenceViewController.mm in Sources */,
				1DE8F60F196464CD00079F1A /* NLAWatchlistPreferenceViewController.mm in Sources */,
				1DE8F61F1964673900079F1A /* NLAAccountPreferenceViewController.mm in Sources */,
				1DE8F5E419645BF600079F1A /* NLAGeneralPreferenceViewController.mm in Sources */,
				1D38F55118E1300F006C5C70 /* NicoLiveAlert.m in Sources */,
				1DAECBFB18E1382A00C402AE /* NLStatusbar.mm in Sources */,
				1D38F52418E12C96006C5C70 /* main.m in Sources */,
			);
			runOnlyForDeploymentPostprocessing = 0;
		};
		1D38F53118E12C96006C5C70 /* Sources */ = {
			isa = PBXSourcesBuildPhase;
			buildActionMask = 2147483647;
			files = (
				1DE8F5DD1964561700079F1A /* MASPreferencesWindowController.m in Sources */,
				1DE8F615196465B200079F1A /* NLANotiryPreferenceViewController.mm in Sources */,
				1DE8F610196464CD00079F1A /* NLAWatchlistPreferenceViewController.mm in Sources */,
				1DE8F6201964673900079F1A /* NLAAccountPreferenceViewController.mm in Sources */,
				1DE8F5E519645BF600079F1A /* NLAGeneralPreferenceViewController.mm in Sources */,
				1D38F54218E12C96006C5C70 /* NicoLiveAlertTests.m in Sources */,
				1D38F55518E1304C006C5C70 /* main.m in Sources */,
				1D38F55218E1300F006C5C70 /* NicoLiveAlert.m in Sources */,
			);
			runOnlyForDeploymentPostprocessing = 0;
		};
/* End PBXSourcesBuildPhase section */

/* Begin PBXTargetDependency section */
		1D38F53A18E12C96006C5C70 /* PBXTargetDependency */ = {
			isa = PBXTargetDependency;
			target = 1D38F51318E12C96006C5C70 /* NicoLiveAlert */;
			targetProxy = 1D38F53918E12C96006C5C70 /* PBXContainerItemProxy */;
		};
/* End PBXTargetDependency section */

/* Begin PBXVariantGroup section */
		1D38F53E18E12C96006C5C70 /* InfoPlist.strings */ = {
			isa = PBXVariantGroup;
			children = (
				1D38F53F18E12C96006C5C70 /* en */,
			);
			name = InfoPlist.strings;
			sourceTree = "<group>";
		};
		1DAECBD818E1307500C402AE /* Credits.rtf */ = {
			isa = PBXVariantGroup;
			children = (
				1DAECBD918E1307500C402AE /* en */,
			);
			name = Credits.rtf;
			sourceTree = "<group>";
		};
		1DAECBDC18E1308400C402AE /* InfoPlist.strings */ = {
			isa = PBXVariantGroup;
			children = (
				1DAECBDD18E1308400C402AE /* en */,
			);
			name = InfoPlist.strings;
			sourceTree = "<group>";
		};
		1DAECBE018E1309400C402AE /* NicoLiveAlert.xib */ = {
			isa = PBXVariantGroup;
			children = (
				1DAECBE118E1309400C402AE /* en */,
			);
			name = NicoLiveAlert.xib;
			sourceTree = "<group>";
		};
		1DE8F5E819645C7000079F1A /* NLAGeneralPreferenceView.xib */ = {
			isa = PBXVariantGroup;
			children = (
				1DE8F5E919645C7000079F1A /* en */,
			);
			name = NLAGeneralPreferenceView.xib;
			sourceTree = "<group>";
		};
		1DE8F609196464C100079F1A /* NLAWatchlistPreferenceView.xib */ = {
			isa = PBXVariantGroup;
			children = (
				1DE8F60A196464C100079F1A /* en */,
			);
			name = NLAWatchlistPreferenceView.xib;
			sourceTree = "<group>";
		};
		1DE8F6181964660E00079F1A /* NLANotiryPreferenceView.xib */ = {
			isa = PBXVariantGroup;
			children = (
				1DE8F6191964660E00079F1A /* en */,
			);
			name = NLANotiryPreferenceView.xib;
			sourceTree = "<group>";
		};
		1DE8F6231964678E00079F1A /* NLAAccountPreferenceView.xib */ = {
			isa = PBXVariantGroup;
			children = (
				1DE8F6241964678E00079F1A /* en */,
			);
			name = NLAAccountPreferenceView.xib;
			sourceTree = "<group>";
		};
		1DE8F6271964893F00079F1A /* Localizable.strings */ = {
			isa = PBXVariantGroup;
			children = (
				1DE8F6281964893F00079F1A /* ja */,
				1DE8F6291964893F00079F1A /* en */,
			);
			name = Localizable.strings;
			sourceTree = "<group>";
		};
/* End PBXVariantGroup section */

/* Begin XCBuildConfiguration section */
		1D38F54318E12C96006C5C70 /* Debug */ = {
			isa = XCBuildConfiguration;
			buildSettings = {
				ALWAYS_SEARCH_USER_PATHS = NO;
				CLANG_CXX_LANGUAGE_STANDARD = "gnu++0x";
				CLANG_CXX_LIBRARY = "libc++";
				CLANG_ENABLE_MODULES = YES;
				CLANG_ENABLE_OBJC_ARC = YES;
				CLANG_WARN_BOOL_CONVERSION = YES;
				CLANG_WARN_CONSTANT_CONVERSION = YES;
				CLANG_WARN_DIRECT_OBJC_ISA_USAGE = YES_ERROR;
				CLANG_WARN_EMPTY_BODY = YES;
				CLANG_WARN_ENUM_CONVERSION = YES;
				CLANG_WARN_INT_CONVERSION = YES;
				CLANG_WARN_OBJC_ROOT_CLASS = YES_ERROR;
				CLANG_WARN__DUPLICATE_METHOD_MATCH = YES;
				CODE_SIGN_IDENTITY = "Akira Muraki";
				COPY_PHASE_STRIP = NO;
				GCC_C_LANGUAGE_STANDARD = gnu99;
				GCC_DYNAMIC_NO_PIC = NO;
				GCC_ENABLE_OBJC_EXCEPTIONS = YES;
				GCC_OPTIMIZATION_LEVEL = 0;
				GCC_PREPROCESSOR_DEFINITIONS = (
					"DEBUG=1",
					"$(inherited)",
				);
				GCC_SYMBOLS_PRIVATE_EXTERN = NO;
				GCC_WARN_64_TO_32_BIT_CONVERSION = YES;
				GCC_WARN_ABOUT_RETURN_TYPE = YES_ERROR;
				GCC_WARN_UNDECLARED_SELECTOR = YES;
				GCC_WARN_UNINITIALIZED_AUTOS = YES_AGGRESSIVE;
				GCC_WARN_UNUSED_FUNCTION = YES;
				GCC_WARN_UNUSED_VARIABLE = YES;
				MACOSX_DEPLOYMENT_TARGET = 10.6;
				ONLY_ACTIVE_ARCH = YES;
				SDKROOT = macosx;
			};
			name = Debug;
		};
		1D38F54418E12C96006C5C70 /* Release */ = {
			isa = XCBuildConfiguration;
			buildSettings = {
				ALWAYS_SEARCH_USER_PATHS = NO;
				CLANG_CXX_LANGUAGE_STANDARD = "gnu++0x";
				CLANG_CXX_LIBRARY = "libc++";
				CLANG_ENABLE_MODULES = YES;
				CLANG_ENABLE_OBJC_ARC = YES;
				CLANG_WARN_BOOL_CONVERSION = YES;
				CLANG_WARN_CONSTANT_CONVERSION = YES;
				CLANG_WARN_DIRECT_OBJC_ISA_USAGE = YES_ERROR;
				CLANG_WARN_EMPTY_BODY = YES;
				CLANG_WARN_ENUM_CONVERSION = YES;
				CLANG_WARN_INT_CONVERSION = YES;
				CLANG_WARN_OBJC_ROOT_CLASS = YES_ERROR;
				CLANG_WARN__DUPLICATE_METHOD_MATCH = YES;
				CODE_SIGN_IDENTITY = "Akira Muraki";
				COPY_PHASE_STRIP = YES;
				DEBUG_INFORMATION_FORMAT = "dwarf-with-dsym";
				ENABLE_NS_ASSERTIONS = NO;
				GCC_C_LANGUAGE_STANDARD = gnu99;
				GCC_ENABLE_OBJC_EXCEPTIONS = YES;
				GCC_WARN_64_TO_32_BIT_CONVERSION = YES;
				GCC_WARN_ABOUT_RETURN_TYPE = YES_ERROR;
				GCC_WARN_UNDECLARED_SELECTOR = YES;
				GCC_WARN_UNINITIALIZED_AUTOS = YES_AGGRESSIVE;
				GCC_WARN_UNUSED_FUNCTION = YES;
				GCC_WARN_UNUSED_VARIABLE = YES;
				MACOSX_DEPLOYMENT_TARGET = 10.6;
				SDKROOT = macosx;
			};
			name = Release;
		};
		1D38F54618E12C96006C5C70 /* Debug */ = {
			isa = XCBuildConfiguration;
			buildSettings = {
				ALWAYS_SEARCH_USER_PATHS = YES;
				ASSETCATALOG_COMPILER_APPICON_NAME = AppIcon;
				CODE_SIGN_IDENTITY = "Akira Muraki";
				CODE_SIGN_RESOURCE_RULES_PATH = "$(SDKROOT)/../../../ResourceRules.plist";
				COMBINE_HIDPI_IMAGES = YES;
				FRAMEWORK_SEARCH_PATHS = (
					"$(inherited)",
					"$(PROJECT_DIR)/NicoLiveAlert/Frameworks",
				);
				GCC_PRECOMPILE_PREFIX_HEADER = YES;
				GCC_PREFIX_HEADER = "NicoLiveAlert/NicoLiveAlert-Prefix.pch";
				INFOPLIST_FILE = "NicoLiveAlert/NicoLiveAlert-Info.plist";
				MACOSX_DEPLOYMENT_TARGET = 10.7;
				PRODUCT_NAME = "$(TARGET_NAME)";
				WRAPPER_EXTENSION = app;
			};
			name = Debug;
		};
		1D38F54718E12C96006C5C70 /* Release */ = {
			isa = XCBuildConfiguration;
			buildSettings = {
				ALWAYS_SEARCH_USER_PATHS = YES;
				ASSETCATALOG_COMPILER_APPICON_NAME = AppIcon;
				CODE_SIGN_IDENTITY = "Akira Muraki";
				CODE_SIGN_RESOURCE_RULES_PATH = "$(SDKROOT)/../../../ResourceRules.plist";
				COMBINE_HIDPI_IMAGES = YES;
				FRAMEWORK_SEARCH_PATHS = (
					"$(inherited)",
					"$(PROJECT_DIR)/NicoLiveAlert/Frameworks",
				);
				GCC_PRECOMPILE_PREFIX_HEADER = YES;
				GCC_PREFIX_HEADER = "NicoLiveAlert/NicoLiveAlert-Prefix.pch";
				INFOPLIST_FILE = "NicoLiveAlert/NicoLiveAlert-Info.plist";
				MACOSX_DEPLOYMENT_TARGET = 10.7;
				PRODUCT_NAME = "$(TARGET_NAME)";
				WRAPPER_EXTENSION = app;
			};
			name = Release;
		};
		1D38F54918E12C96006C5C70 /* Debug */ = {
			isa = XCBuildConfiguration;
			buildSettings = {
				BUNDLE_LOADER = "$(BUILT_PRODUCTS_DIR)/NicoLiveAlert.app/Contents/MacOS/NicoLiveAlert";
				COMBINE_HIDPI_IMAGES = YES;
				FRAMEWORK_SEARCH_PATHS = (
					"$(DEVELOPER_FRAMEWORKS_DIR)",
					"$(inherited)",
					"$(PROJECT_DIR)/NicoLiveAlert/Frameworks",
				);
				GCC_PRECOMPILE_PREFIX_HEADER = YES;
				GCC_PREFIX_HEADER = "NicoLiveAlert/NicoLiveAlert-Prefix.pch";
				GCC_PREPROCESSOR_DEFINITIONS = (
					"DEBUG=1",
					"$(inherited)",
				);
				INFOPLIST_FILE = "NicoLiveAlertTests/NicoLiveAlertTests-Info.plist";
				PRODUCT_NAME = "$(TARGET_NAME)";
				TEST_HOST = "$(BUNDLE_LOADER)";
				WRAPPER_EXTENSION = xctest;
			};
			name = Debug;
		};
		1D38F54A18E12C96006C5C70 /* Release */ = {
			isa = XCBuildConfiguration;
			buildSettings = {
				BUNDLE_LOADER = "$(BUILT_PRODUCTS_DIR)/NicoLiveAlert.app/Contents/MacOS/NicoLiveAlert";
				COMBINE_HIDPI_IMAGES = YES;
				FRAMEWORK_SEARCH_PATHS = (
					"$(DEVELOPER_FRAMEWORKS_DIR)",
					"$(inherited)",
					"$(PROJECT_DIR)/NicoLiveAlert/Frameworks",
				);
				GCC_PRECOMPILE_PREFIX_HEADER = YES;
				GCC_PREFIX_HEADER = "NicoLiveAlert/NicoLiveAlert-Prefix.pch";
				INFOPLIST_FILE = "NicoLiveAlertTests/NicoLiveAlertTests-Info.plist";
				PRODUCT_NAME = "$(TARGET_NAME)";
				TEST_HOST = "$(BUNDLE_LOADER)";
				WRAPPER_EXTENSION = xctest;
			};
			name = Release;
		};
/* End XCBuildConfiguration section */

/* Begin XCConfigurationList section */
		1D38F50F18E12C96006C5C70 /* Build configuration list for PBXProject "NicoLiveAlert" */ = {
			isa = XCConfigurationList;
			buildConfigurations = (
				1D38F54318E12C96006C5C70 /* Debug */,
				1D38F54418E12C96006C5C70 /* Release */,
			);
			defaultConfigurationIsVisible = 0;
			defaultConfigurationName = Release;
		};
		1D38F54518E12C96006C5C70 /* Build configuration list for PBXNativeTarget "NicoLiveAlert" */ = {
			isa = XCConfigurationList;
			buildConfigurations = (
				1D38F54618E12C96006C5C70 /* Debug */,
				1D38F54718E12C96006C5C70 /* Release */,
			);
			defaultConfigurationIsVisible = 0;
			defaultConfigurationName = Release;
		};
		1D38F54818E12C96006C5C70 /* Build configuration list for PBXNativeTarget "NicoLiveAlertTests" */ = {
			isa = XCConfigurationList;
			buildConfigurations = (
				1D38F54918E12C96006C5C70 /* Debug */,
				1D38F54A18E12C96006C5C70 /* Release */,
			);
			defaultConfigurationIsVisible = 0;
			defaultConfigurationName = Release;
		};
/* End XCConfigurationList section */
	};
	rootObject = 1D38F50C18E12C96006C5C70 /* Project object */;
}
