// !$*UTF8*$!
{
	archiveVersion = 1;
	classes = {
	};
	objectVersion = 46;
	objects = {

/* Begin PBXBuildFile section */
		1D07EB8E151C5C1E00CEF855 /* HTTPConnection.m in Sources */ = {isa = PBXBuildFile; fileRef = 1D07EB8D151C5C1E00CEF855 /* HTTPConnection.m */; };
		1D07EB8F151C5C1E00CEF855 /* HTTPConnection.m in Sources */ = {isa = PBXBuildFile; fileRef = 1D07EB8D151C5C1E00CEF855 /* HTTPConnection.m */; };
		1D07EB90151C5C1E00CEF855 /* HTTPConnection.m in Sources */ = {isa = PBXBuildFile; fileRef = 1D07EB8D151C5C1E00CEF855 /* HTTPConnection.m */; };
		1D07EB91151C5C1E00CEF855 /* HTTPConnection.m in Sources */ = {isa = PBXBuildFile; fileRef = 1D07EB8D151C5C1E00CEF855 /* HTTPConnection.m */; };
		1D141CF3151D8DAA00CEB686 /* NLStatusbarIcon.m in Sources */ = {isa = PBXBuildFile; fileRef = 1D141CF2151D8DAA00CEB686 /* NLStatusbarIcon.m */; };
		1D141CF4151D8DAA00CEB686 /* NLStatusbarIcon.m in Sources */ = {isa = PBXBuildFile; fileRef = 1D141CF2151D8DAA00CEB686 /* NLStatusbarIcon.m */; };
		1D141CF5151D8DAA00CEB686 /* NLStatusbarIcon.m in Sources */ = {isa = PBXBuildFile; fileRef = 1D141CF2151D8DAA00CEB686 /* NLStatusbarIcon.m */; };
		1D141CF6151D8DAA00CEB686 /* NLStatusbarIcon.m in Sources */ = {isa = PBXBuildFile; fileRef = 1D141CF2151D8DAA00CEB686 /* NLStatusbarIcon.m */; };
		1D141CFE151DAA1300CEB686 /* QuartzCore.framework in Frameworks */ = {isa = PBXBuildFile; fileRef = 1D141CFD151DAA1300CEB686 /* QuartzCore.framework */; };
		1D141CFF151DAA1300CEB686 /* QuartzCore.framework in Frameworks */ = {isa = PBXBuildFile; fileRef = 1D141CFD151DAA1300CEB686 /* QuartzCore.framework */; };
		1D141D00151DAA1300CEB686 /* QuartzCore.framework in Frameworks */ = {isa = PBXBuildFile; fileRef = 1D141CFD151DAA1300CEB686 /* QuartzCore.framework */; };
		1D141D01151DAA1300CEB686 /* QuartzCore.framework in Frameworks */ = {isa = PBXBuildFile; fileRef = 1D141CFD151DAA1300CEB686 /* QuartzCore.framework */; };
		1D1CE2C6150C77BA001E7E39 /* Cocoa.framework in Frameworks */ = {isa = PBXBuildFile; fileRef = 1D1CE2C5150C77BA001E7E39 /* Cocoa.framework */; };
		1D1CE2D0150C77BA001E7E39 /* InfoPlist.strings in Resources */ = {isa = PBXBuildFile; fileRef = 1D1CE2CE150C77BA001E7E39 /* InfoPlist.strings */; };
		1D1CE2D2150C77BA001E7E39 /* main.m in Sources */ = {isa = PBXBuildFile; fileRef = 1D1CE2D1150C77BA001E7E39 /* main.m */; };
		1D1CE2D6150C77BA001E7E39 /* Credits.rtf in Resources */ = {isa = PBXBuildFile; fileRef = 1D1CE2D4150C77BA001E7E39 /* Credits.rtf */; };
		1D1CE2D9150C77BA001E7E39 /* NicoLiveAlert.m in Sources */ = {isa = PBXBuildFile; fileRef = 1D1CE2D8150C77BA001E7E39 /* NicoLiveAlert.m */; };
		1D1CE2DC150C77BB001E7E39 /* MainMenu.xib in Resources */ = {isa = PBXBuildFile; fileRef = 1D1CE2DA150C77BB001E7E39 /* MainMenu.xib */; };
		1D1CE2E4150C77BB001E7E39 /* SenTestingKit.framework in Frameworks */ = {isa = PBXBuildFile; fileRef = 1D1CE2E3150C77BB001E7E39 /* SenTestingKit.framework */; };
		1D1CE2E5150C77BB001E7E39 /* Cocoa.framework in Frameworks */ = {isa = PBXBuildFile; fileRef = 1D1CE2C5150C77BA001E7E39 /* Cocoa.framework */; };
		1D1CE2ED150C77BB001E7E39 /* InfoPlist.strings in Resources */ = {isa = PBXBuildFile; fileRef = 1D1CE2EB150C77BB001E7E39 /* InfoPlist.strings */; };
		1D1CE2F0150C77BB001E7E39 /* NicoLiveAlertTests.m in Sources */ = {isa = PBXBuildFile; fileRef = 1D1CE2EF150C77BB001E7E39 /* NicoLiveAlertTests.m */; };
		1D1CE2FF150C7849001E7E39 /* Cocoa.framework in Frameworks */ = {isa = PBXBuildFile; fileRef = 1D1CE2C5150C77BA001E7E39 /* Cocoa.framework */; };
		1D1CE318150C7849001E7E39 /* SenTestingKit.framework in Frameworks */ = {isa = PBXBuildFile; fileRef = 1D1CE2E3150C77BB001E7E39 /* SenTestingKit.framework */; };
		1D1CE319150C7849001E7E39 /* Cocoa.framework in Frameworks */ = {isa = PBXBuildFile; fileRef = 1D1CE2C5150C77BA001E7E39 /* Cocoa.framework */; };
		1D1CE32B150C79B0001E7E39 /* NicoLiveAlert.m in Sources */ = {isa = PBXBuildFile; fileRef = 1D1CE2D8150C77BA001E7E39 /* NicoLiveAlert.m */; };
		1D1CE32C150C79BA001E7E39 /* main.m in Sources */ = {isa = PBXBuildFile; fileRef = 1D1CE2D1150C77BA001E7E39 /* main.m */; };
		1D1CE32D150C79DA001E7E39 /* NicoLiveAlertTests.m in Sources */ = {isa = PBXBuildFile; fileRef = 1D1CE2EF150C77BB001E7E39 /* NicoLiveAlertTests.m */; };
		1D1CE32E150C79F5001E7E39 /* InfoPlist.strings in Resources */ = {isa = PBXBuildFile; fileRef = 1D1CE2EB150C77BB001E7E39 /* InfoPlist.strings */; };
		1D1CE32F150C7E9E001E7E39 /* InfoPlist.strings in Resources */ = {isa = PBXBuildFile; fileRef = 1D1CE2CE150C77BA001E7E39 /* InfoPlist.strings */; };
		1D1CE330150C7EA3001E7E39 /* Credits.rtf in Resources */ = {isa = PBXBuildFile; fileRef = 1D1CE2D4150C77BA001E7E39 /* Credits.rtf */; };
		1D1CE331150C7EA6001E7E39 /* MainMenu.xib in Resources */ = {isa = PBXBuildFile; fileRef = 1D1CE2DA150C77BB001E7E39 /* MainMenu.xib */; };
		1D1D3EFF151316C1001F571F /* KCSInternetUserTests.m in Sources */ = {isa = PBXBuildFile; fileRef = 1D1D3EFE151316C1001F571F /* KCSInternetUserTests.m */; };
		1D1D3F00151316C1001F571F /* KCSInternetUserTests.m in Sources */ = {isa = PBXBuildFile; fileRef = 1D1D3EFE151316C1001F571F /* KCSInternetUserTests.m */; };
		1D1E5233151B0B9900BDD43D /* Localizable.strings in Resources */ = {isa = PBXBuildFile; fileRef = 1D1E5231151B0B9900BDD43D /* Localizable.strings */; };
		1D1E5234151B0B9900BDD43D /* Localizable.strings in Resources */ = {isa = PBXBuildFile; fileRef = 1D1E5231151B0B9900BDD43D /* Localizable.strings */; };
		1D1E5235151B0B9900BDD43D /* Localizable.strings in Resources */ = {isa = PBXBuildFile; fileRef = 1D1E5231151B0B9900BDD43D /* Localizable.strings */; };
		1D1E5236151B0B9900BDD43D /* Localizable.strings in Resources */ = {isa = PBXBuildFile; fileRef = 1D1E5231151B0B9900BDD43D /* Localizable.strings */; };
		1D1E5239151B0BA900BDD43D /* Localizable.strings in Resources */ = {isa = PBXBuildFile; fileRef = 1D1E5231151B0B9900BDD43D /* Localizable.strings */; };
		1D1E523A151B0BA900BDD43D /* Localizable.strings in Resources */ = {isa = PBXBuildFile; fileRef = 1D1E5231151B0B9900BDD43D /* Localizable.strings */; };
		1D1E523B151B0BA900BDD43D /* Localizable.strings in Resources */ = {isa = PBXBuildFile; fileRef = 1D1E5231151B0B9900BDD43D /* Localizable.strings */; };
		1D1E523C151B0BA900BDD43D /* Localizable.strings in Resources */ = {isa = PBXBuildFile; fileRef = 1D1E5231151B0B9900BDD43D /* Localizable.strings */; };
		1D6500BE150CB0DE002F5A8B /* KCSUser.m in Sources */ = {isa = PBXBuildFile; fileRef = 1D6500BD150CB0DE002F5A8B /* KCSUser.m */; };
		1D6500BF150CB0DE002F5A8B /* KCSUser.m in Sources */ = {isa = PBXBuildFile; fileRef = 1D6500BD150CB0DE002F5A8B /* KCSUser.m */; };
		1D6500C5150CB351002F5A8B /* KCSUserTsts.m in Sources */ = {isa = PBXBuildFile; fileRef = 1D6500C4150CB351002F5A8B /* KCSUserTsts.m */; };
		1D6500C6150CB351002F5A8B /* KCSUserTsts.m in Sources */ = {isa = PBXBuildFile; fileRef = 1D6500C4150CB351002F5A8B /* KCSUserTsts.m */; };
		1D6500C7150CB63A002F5A8B /* KCSUser.m in Sources */ = {isa = PBXBuildFile; fileRef = 1D6500BD150CB0DE002F5A8B /* KCSUser.m */; };
		1D6500C8150CB63E002F5A8B /* KCSUser.m in Sources */ = {isa = PBXBuildFile; fileRef = 1D6500BD150CB0DE002F5A8B /* KCSUser.m */; };
		1D6500CA150CBE98002F5A8B /* Security.framework in Frameworks */ = {isa = PBXBuildFile; fileRef = 1D6500C9150CBE98002F5A8B /* Security.framework */; };
		1D6500CB150CBE98002F5A8B /* Security.framework in Frameworks */ = {isa = PBXBuildFile; fileRef = 1D6500C9150CBE98002F5A8B /* Security.framework */; };
		1D6500CC150CBE98002F5A8B /* Security.framework in Frameworks */ = {isa = PBXBuildFile; fileRef = 1D6500C9150CBE98002F5A8B /* Security.framework */; };
		1D6500CD150CBE98002F5A8B /* Security.framework in Frameworks */ = {isa = PBXBuildFile; fileRef = 1D6500C9150CBE98002F5A8B /* Security.framework */; };
		1DAAB8FA151B4BA500D0D2B3 /* NLAccount.m in Sources */ = {isa = PBXBuildFile; fileRef = 1DAAB8F9151B4BA500D0D2B3 /* NLAccount.m */; };
		1DAAB8FB151B4BA500D0D2B3 /* NLAccount.m in Sources */ = {isa = PBXBuildFile; fileRef = 1DAAB8F9151B4BA500D0D2B3 /* NLAccount.m */; };
		1DAAB8FC151B4BA500D0D2B3 /* NLAccount.m in Sources */ = {isa = PBXBuildFile; fileRef = 1DAAB8F9151B4BA500D0D2B3 /* NLAccount.m */; };
		1DAAB8FD151B4BA500D0D2B3 /* NLAccount.m in Sources */ = {isa = PBXBuildFile; fileRef = 1DAAB8F9151B4BA500D0D2B3 /* NLAccount.m */; };
		1DF062BA151AE2A70025C5DE /* sbiconalt.png in Resources */ = {isa = PBXBuildFile; fileRef = 1DF062B7151AE2A70025C5DE /* sbiconalt.png */; };
		1DF062BB151AE2A70025C5DE /* sbiconalt.png in Resources */ = {isa = PBXBuildFile; fileRef = 1DF062B7151AE2A70025C5DE /* sbiconalt.png */; };
		1DF062BC151AE2A70025C5DE /* sbiconalt.png in Resources */ = {isa = PBXBuildFile; fileRef = 1DF062B7151AE2A70025C5DE /* sbiconalt.png */; };
		1DF062BD151AE2A70025C5DE /* sbiconalt.png in Resources */ = {isa = PBXBuildFile; fileRef = 1DF062B7151AE2A70025C5DE /* sbiconalt.png */; };
		1DF062BE151AE2A70025C5DE /* sbicon.png in Resources */ = {isa = PBXBuildFile; fileRef = 1DF062B8151AE2A70025C5DE /* sbicon.png */; };
		1DF062BF151AE2A70025C5DE /* sbicon.png in Resources */ = {isa = PBXBuildFile; fileRef = 1DF062B8151AE2A70025C5DE /* sbicon.png */; };
		1DF062C0151AE2A70025C5DE /* sbicon.png in Resources */ = {isa = PBXBuildFile; fileRef = 1DF062B8151AE2A70025C5DE /* sbicon.png */; };
		1DF062C1151AE2A70025C5DE /* sbicon.png in Resources */ = {isa = PBXBuildFile; fileRef = 1DF062B8151AE2A70025C5DE /* sbicon.png */; };
		1DF062C2151AE2A70025C5DE /* NicoLiveAlert.icns in Resources */ = {isa = PBXBuildFile; fileRef = 1DF062B9151AE2A70025C5DE /* NicoLiveAlert.icns */; };
		1DF062C3151AE2A70025C5DE /* NicoLiveAlert.icns in Resources */ = {isa = PBXBuildFile; fileRef = 1DF062B9151AE2A70025C5DE /* NicoLiveAlert.icns */; };
		1DF062C4151AE2A70025C5DE /* NicoLiveAlert.icns in Resources */ = {isa = PBXBuildFile; fileRef = 1DF062B9151AE2A70025C5DE /* NicoLiveAlert.icns */; };
		1DF062C5151AE2A70025C5DE /* NicoLiveAlert.icns in Resources */ = {isa = PBXBuildFile; fileRef = 1DF062B9151AE2A70025C5DE /* NicoLiveAlert.icns */; };
/* End PBXBuildFile section */

/* Begin PBXContainerItemProxy section */
		1D1CE2E6150C77BB001E7E39 /* PBXContainerItemProxy */ = {
			isa = PBXContainerItemProxy;
			containerPortal = 1D1CE2B8150C77BA001E7E39 /* Project object */;
			proxyType = 1;
			remoteGlobalIDString = 1D1CE2C0150C77BA001E7E39;
			remoteInfo = NicoLiveAlert;
		};
		1D1CE31A150C7849001E7E39 /* PBXContainerItemProxy */ = {
			isa = PBXContainerItemProxy;
			containerPortal = 1D1CE2B8150C77BA001E7E39 /* Project object */;
			proxyType = 1;
			remoteGlobalIDString = 1D1CE2FC150C7849001E7E39;
			remoteInfo = "NicoLiveAlert Leopard";
		};
/* End PBXContainerItemProxy section */

/* Begin PBXFileReference section */
		1D07EB8C151C5C1E00CEF855 /* HTTPConnection.h */ = {isa = PBXFileReference; fileEncoding = 4; lastKnownFileType = sourcecode.c.h; name = HTTPConnection.h; path = Network/HTTPConnection.h; sourceTree = "<group>"; };
		1D07EB8D151C5C1E00CEF855 /* HTTPConnection.m */ = {isa = PBXFileReference; fileEncoding = 4; lastKnownFileType = sourcecode.c.objc; name = HTTPConnection.m; path = Network/HTTPConnection.m; sourceTree = "<group>"; };
		1D141CF1151D8DAA00CEB686 /* NLStatusbarIcon.h */ = {isa = PBXFileReference; fileEncoding = 4; lastKnownFileType = sourcecode.c.h; name = NLStatusbarIcon.h; path = NicoLive/NLStatusbarIcon.h; sourceTree = "<group>"; };
		1D141CF2151D8DAA00CEB686 /* NLStatusbarIcon.m */ = {isa = PBXFileReference; fileEncoding = 4; lastKnownFileType = sourcecode.c.objc; name = NLStatusbarIcon.m; path = NicoLive/NLStatusbarIcon.m; sourceTree = "<group>"; };
		1D141CFD151DAA1300CEB686 /* QuartzCore.framework */ = {isa = PBXFileReference; lastKnownFileType = wrapper.framework; name = QuartzCore.framework; path = System/Library/Frameworks/QuartzCore.framework; sourceTree = SDKROOT; };
		1D1CE2C1150C77BA001E7E39 /* NicoLiveAlert Lion.app */ = {isa = PBXFileReference; explicitFileType = wrapper.application; includeInIndex = 0; path = "NicoLiveAlert Lion.app"; sourceTree = BUILT_PRODUCTS_DIR; };
		1D1CE2C5150C77BA001E7E39 /* Cocoa.framework */ = {isa = PBXFileReference; lastKnownFileType = wrapper.framework; name = Cocoa.framework; path = System/Library/Frameworks/Cocoa.framework; sourceTree = SDKROOT; };
		1D1CE2C8150C77BA001E7E39 /* AppKit.framework */ = {isa = PBXFileReference; lastKnownFileType = wrapper.framework; name = AppKit.framework; path = System/Library/Frameworks/AppKit.framework; sourceTree = SDKROOT; };
		1D1CE2C9150C77BA001E7E39 /* CoreData.framework */ = {isa = PBXFileReference; lastKnownFileType = wrapper.framework; name = CoreData.framework; path = System/Library/Frameworks/CoreData.framework; sourceTree = SDKROOT; };
		1D1CE2CA150C77BA001E7E39 /* Foundation.framework */ = {isa = PBXFileReference; lastKnownFileType = wrapper.framework; name = Foundation.framework; path = System/Library/Frameworks/Foundation.framework; sourceTree = SDKROOT; };
		1D1CE2CD150C77BA001E7E39 /* NicoLiveAlert-Info.plist */ = {isa = PBXFileReference; lastKnownFileType = text.plist.xml; path = "NicoLiveAlert-Info.plist"; sourceTree = "<group>"; };
		1D1CE2CF150C77BA001E7E39 /* en */ = {isa = PBXFileReference; lastKnownFileType = text.plist.strings; name = en; path = en.lproj/InfoPlist.strings; sourceTree = "<group>"; };
		1D1CE2D1150C77BA001E7E39 /* main.m */ = {isa = PBXFileReference; lastKnownFileType = sourcecode.c.objc; path = main.m; sourceTree = "<group>"; };
		1D1CE2D3150C77BA001E7E39 /* NicoLiveAlert-Prefix.pch */ = {isa = PBXFileReference; lastKnownFileType = sourcecode.c.h; path = "NicoLiveAlert-Prefix.pch"; sourceTree = "<group>"; };
		1D1CE2D5150C77BA001E7E39 /* en */ = {isa = PBXFileReference; lastKnownFileType = text.rtf; name = en; path = en.lproj/Credits.rtf; sourceTree = "<group>"; };
		1D1CE2D7150C77BA001E7E39 /* NicoLiveAlert.h */ = {isa = PBXFileReference; lastKnownFileType = sourcecode.c.h; path = NicoLiveAlert.h; sourceTree = "<group>"; };
		1D1CE2D8150C77BA001E7E39 /* NicoLiveAlert.m */ = {isa = PBXFileReference; lastKnownFileType = sourcecode.c.objc; path = NicoLiveAlert.m; sourceTree = "<group>"; };
		1D1CE2DB150C77BB001E7E39 /* en */ = {isa = PBXFileReference; lastKnownFileType = file.xib; name = en; path = en.lproj/MainMenu.xib; sourceTree = "<group>"; };
		1D1CE2E2150C77BB001E7E39 /* NicoLiveAlertTests.octest */ = {isa = PBXFileReference; explicitFileType = wrapper.cfbundle; includeInIndex = 0; name = NicoLiveAlertTests.octest; path = "NicoLiveAlertTests Lion.octest"; sourceTree = BUILT_PRODUCTS_DIR; };
		1D1CE2E3150C77BB001E7E39 /* SenTestingKit.framework */ = {isa = PBXFileReference; lastKnownFileType = wrapper.framework; name = SenTestingKit.framework; path = Library/Frameworks/SenTestingKit.framework; sourceTree = DEVELOPER_DIR; };
		1D1CE2EA150C77BB001E7E39 /* NicoLiveAlertTests-Info.plist */ = {isa = PBXFileReference; lastKnownFileType = text.plist.xml; path = "NicoLiveAlertTests-Info.plist"; sourceTree = "<group>"; };
		1D1CE2EC150C77BB001E7E39 /* en */ = {isa = PBXFileReference; lastKnownFileType = text.plist.strings; name = en; path = en.lproj/InfoPlist.strings; sourceTree = "<group>"; };
		1D1CE2EE150C77BB001E7E39 /* NicoLiveAlertTests.h */ = {isa = PBXFileReference; lastKnownFileType = sourcecode.c.h; path = NicoLiveAlertTests.h; sourceTree = "<group>"; };
		1D1CE2EF150C77BB001E7E39 /* NicoLiveAlertTests.m */ = {isa = PBXFileReference; lastKnownFileType = sourcecode.c.objc; path = NicoLiveAlertTests.m; sourceTree = "<group>"; };
		1D1CE2FD150C7849001E7E39 /* NicoLiveAlert Leopard.app */ = {isa = PBXFileReference; explicitFileType = wrapper.application; includeInIndex = 0; path = "NicoLiveAlert Leopard.app"; sourceTree = BUILT_PRODUCTS_DIR; };
		1D1CE317150C7849001E7E39 /* NicoLiveAlertTests Leopard.octest */ = {isa = PBXFileReference; explicitFileType = wrapper.cfbundle; includeInIndex = 0; path = "NicoLiveAlertTests Leopard.octest"; sourceTree = BUILT_PRODUCTS_DIR; };
		1D1D3EFD151316C1001F571F /* KCSInternetUserTests.h */ = {isa = PBXFileReference; fileEncoding = 4; lastKnownFileType = sourcecode.c.h; name = KCSInternetUserTests.h; path = Keychain/KCSInternetUserTests.h; sourceTree = "<group>"; };
		1D1D3EFE151316C1001F571F /* KCSInternetUserTests.m */ = {isa = PBXFileReference; fileEncoding = 4; lastKnownFileType = sourcecode.c.objc; name = KCSInternetUserTests.m; path = Keychain/KCSInternetUserTests.m; sourceTree = "<group>"; };
		1D1E5232151B0B9900BDD43D /* en */ = {isa = PBXFileReference; lastKnownFileType = text.plist.strings; name = en; path = NicoLiveAlert/en.lproj/Localizable.strings; sourceTree = "<group>"; };
		1D1E5238151B0BA900BDD43D /* ja */ = {isa = PBXFileReference; lastKnownFileType = text.plist.strings; name = ja; path = NicoLiveAlert/ja.lproj/Localizable.strings; sourceTree = "<group>"; };
		1D6500BC150CB0DE002F5A8B /* KCSUser.h */ = {isa = PBXFileReference; fileEncoding = 4; lastKnownFileType = sourcecode.c.h; name = KCSUser.h; path = KeychainAccess/KCSUser.h; sourceTree = "<group>"; };
		1D6500BD150CB0DE002F5A8B /* KCSUser.m */ = {isa = PBXFileReference; fileEncoding = 4; lastKnownFileType = sourcecode.c.objc; name = KCSUser.m; path = KeychainAccess/KCSUser.m; sourceTree = "<group>"; };
		1D6500C3150CB351002F5A8B /* KCSUserTsts.h */ = {isa = PBXFileReference; fileEncoding = 4; lastKnownFileType = sourcecode.c.h; name = KCSUserTsts.h; path = Keychain/KCSUserTsts.h; sourceTree = "<group>"; };
		1D6500C4150CB351002F5A8B /* KCSUserTsts.m */ = {isa = PBXFileReference; fileEncoding = 4; lastKnownFileType = sourcecode.c.objc; name = KCSUserTsts.m; path = Keychain/KCSUserTsts.m; sourceTree = "<group>"; };
		1D6500C9150CBE98002F5A8B /* Security.framework */ = {isa = PBXFileReference; lastKnownFileType = wrapper.framework; name = Security.framework; path = System/Library/Frameworks/Security.framework; sourceTree = SDKROOT; };
		1DAAB8F8151B4BA500D0D2B3 /* NLAccount.h */ = {isa = PBXFileReference; fileEncoding = 4; lastKnownFileType = sourcecode.c.h; name = NLAccount.h; path = NicoLive/NLAccount.h; sourceTree = "<group>"; };
		1DAAB8F9151B4BA500D0D2B3 /* NLAccount.m */ = {isa = PBXFileReference; fileEncoding = 4; lastKnownFileType = sourcecode.c.objc; name = NLAccount.m; path = NicoLive/NLAccount.m; sourceTree = "<group>"; };
		1DF062B7151AE2A70025C5DE /* sbiconalt.png */ = {isa = PBXFileReference; lastKnownFileType = image.png; name = sbiconalt.png; path = Images/sbiconalt.png; sourceTree = "<group>"; };
		1DF062B8151AE2A70025C5DE /* sbicon.png */ = {isa = PBXFileReference; lastKnownFileType = image.png; name = sbicon.png; path = Images/sbicon.png; sourceTree = "<group>"; };
		1DF062B9151AE2A70025C5DE /* NicoLiveAlert.icns */ = {isa = PBXFileReference; lastKnownFileType = image.icns; name = NicoLiveAlert.icns; path = Images/NicoLiveAlert.icns; sourceTree = "<group>"; };
		1DF062C6151AE3950025C5DE /* NicoLiveAlertDefinitions.h */ = {isa = PBXFileReference; fileEncoding = 4; lastKnownFileType = sourcecode.c.h; path = NicoLiveAlertDefinitions.h; sourceTree = "<group>"; };
/* End PBXFileReference section */

/* Begin PBXFrameworksBuildPhase section */
		1D1CE2BE150C77BA001E7E39 /* Frameworks */ = {
			isa = PBXFrameworksBuildPhase;
			buildActionMask = 2147483647;
			files = (
				1D1CE2C6150C77BA001E7E39 /* Cocoa.framework in Frameworks */,
				1D6500CA150CBE98002F5A8B /* Security.framework in Frameworks */,
				1D141CFE151DAA1300CEB686 /* QuartzCore.framework in Frameworks */,
			);
			runOnlyForDeploymentPostprocessing = 0;
		};
		1D1CE2DE150C77BB001E7E39 /* Frameworks */ = {
			isa = PBXFrameworksBuildPhase;
			buildActionMask = 2147483647;
			files = (
				1D1CE2E4150C77BB001E7E39 /* SenTestingKit.framework in Frameworks */,
				1D1CE2E5150C77BB001E7E39 /* Cocoa.framework in Frameworks */,
				1D6500CC150CBE98002F5A8B /* Security.framework in Frameworks */,
				1D141D00151DAA1300CEB686 /* QuartzCore.framework in Frameworks */,
			);
			runOnlyForDeploymentPostprocessing = 0;
		};
		1D1CE2FA150C7849001E7E39 /* Frameworks */ = {
			isa = PBXFrameworksBuildPhase;
			buildActionMask = 2147483647;
			files = (
				1D1CE2FF150C7849001E7E39 /* Cocoa.framework in Frameworks */,
				1D6500CB150CBE98002F5A8B /* Security.framework in Frameworks */,
				1D141CFF151DAA1300CEB686 /* QuartzCore.framework in Frameworks */,
			);
			runOnlyForDeploymentPostprocessing = 0;
		};
		1D1CE313150C7849001E7E39 /* Frameworks */ = {
			isa = PBXFrameworksBuildPhase;
			buildActionMask = 2147483647;
			files = (
				1D1CE318150C7849001E7E39 /* SenTestingKit.framework in Frameworks */,
				1D1CE319150C7849001E7E39 /* Cocoa.framework in Frameworks */,
				1D6500CD150CBE98002F5A8B /* Security.framework in Frameworks */,
				1D141D01151DAA1300CEB686 /* QuartzCore.framework in Frameworks */,
			);
			runOnlyForDeploymentPostprocessing = 0;
		};
/* End PBXFrameworksBuildPhase section */

/* Begin PBXGroup section */
		1D07EB89151C5B6E00CEF855 /* Network */ = {
			isa = PBXGroup;
			children = (
				1D07EB8C151C5C1E00CEF855 /* HTTPConnection.h */,
				1D07EB8D151C5C1E00CEF855 /* HTTPConnection.m */,
			);
			name = Network;
			sourceTree = "<group>";
		};
		1D07EB8B151C5B7F00CEF855 /* Application */ = {
			isa = PBXGroup;
			children = (
				1DF062C6151AE3950025C5DE /* NicoLiveAlertDefinitions.h */,
				1D1CE2D7150C77BA001E7E39 /* NicoLiveAlert.h */,
				1D1CE2D8150C77BA001E7E39 /* NicoLiveAlert.m */,
				1D1CE2DA150C77BB001E7E39 /* MainMenu.xib */,
			);
			name = Application;
			sourceTree = "<group>";
		};
		1D1CE2B6150C77BA001E7E39 = {
			isa = PBXGroup;
			children = (
				1D1CE2CB150C77BA001E7E39 /* NicoLiveAlert */,
				1D1CE2E8150C77BB001E7E39 /* NicoLiveAlertTests */,
				1D1CE2C4150C77BA001E7E39 /* Frameworks */,
				1D1CE2C2150C77BA001E7E39 /* Products */,
			);
			sourceTree = "<group>";
		};
		1D1CE2C2150C77BA001E7E39 /* Products */ = {
			isa = PBXGroup;
			children = (
				1D1CE2C1150C77BA001E7E39 /* NicoLiveAlert Lion.app */,
				1D1CE2E2150C77BB001E7E39 /* NicoLiveAlertTests.octest */,
				1D1CE2FD150C7849001E7E39 /* NicoLiveAlert Leopard.app */,
				1D1CE317150C7849001E7E39 /* NicoLiveAlertTests Leopard.octest */,
			);
			name = Products;
			sourceTree = "<group>";
		};
		1D1CE2C4150C77BA001E7E39 /* Frameworks */ = {
			isa = PBXGroup;
			children = (
				1D1CE2C5150C77BA001E7E39 /* Cocoa.framework */,
				1D141CFD151DAA1300CEB686 /* QuartzCore.framework */,
				1D6500C9150CBE98002F5A8B /* Security.framework */,
				1D1CE2E3150C77BB001E7E39 /* SenTestingKit.framework */,
				1D1CE2C7150C77BA001E7E39 /* Other Frameworks */,
			);
			name = Frameworks;
			sourceTree = "<group>";
		};
		1D1CE2C7150C77BA001E7E39 /* Other Frameworks */ = {
			isa = PBXGroup;
			children = (
				1D1CE2C8150C77BA001E7E39 /* AppKit.framework */,
				1D1CE2C9150C77BA001E7E39 /* CoreData.framework */,
				1D1CE2CA150C77BA001E7E39 /* Foundation.framework */,
			);
			name = "Other Frameworks";
			sourceTree = "<group>";
		};
		1D1CE2CB150C77BA001E7E39 /* NicoLiveAlert */ = {
			isa = PBXGroup;
			children = (
				1D07EB8B151C5B7F00CEF855 /* Application */,
				1DAAB8F6151B4ADF00D0D2B3 /* NicoLive */,
				1D6500BA150CB07E002F5A8B /* Keychain */,
				1D07EB89151C5B6E00CEF855 /* Network */,
				1D1CE2CC150C77BA001E7E39 /* Supporting Files */,
				1DF062B5151AE2660025C5DE /* Images */,
			);
			path = NicoLiveAlert;
			sourceTree = "<group>";
		};
		1D1CE2CC150C77BA001E7E39 /* Supporting Files */ = {
			isa = PBXGroup;
			children = (
				1D1CE2CD150C77BA001E7E39 /* NicoLiveAlert-Info.plist */,
				1D1E5231151B0B9900BDD43D /* Localizable.strings */,
				1D1CE2CE150C77BA001E7E39 /* InfoPlist.strings */,
				1D1CE2D1150C77BA001E7E39 /* main.m */,
				1D1CE2D3150C77BA001E7E39 /* NicoLiveAlert-Prefix.pch */,
				1D1CE2D4150C77BA001E7E39 /* Credits.rtf */,
			);
			name = "Supporting Files";
			sourceTree = "<group>";
		};
		1D1CE2E8150C77BB001E7E39 /* NicoLiveAlertTests */ = {
			isa = PBXGroup;
			children = (
				1D6500C2150CB2FF002F5A8B /* Keychain */,
				1D1CE2EE150C77BB001E7E39 /* NicoLiveAlertTests.h */,
				1D1CE2EF150C77BB001E7E39 /* NicoLiveAlertTests.m */,
				1D1CE2E9150C77BB001E7E39 /* Supporting Files */,
			);
			path = NicoLiveAlertTests;
			sourceTree = "<group>";
		};
		1D1CE2E9150C77BB001E7E39 /* Supporting Files */ = {
			isa = PBXGroup;
			children = (
				1D1CE2EA150C77BB001E7E39 /* NicoLiveAlertTests-Info.plist */,
				1D1CE2EB150C77BB001E7E39 /* InfoPlist.strings */,
			);
			name = "Supporting Files";
			sourceTree = "<group>";
		};
		1D6500BA150CB07E002F5A8B /* Keychain */ = {
			isa = PBXGroup;
			children = (
				1D6500BC150CB0DE002F5A8B /* KCSUser.h */,
				1D6500BD150CB0DE002F5A8B /* KCSUser.m */,
			);
			name = Keychain;
			sourceTree = "<group>";
		};
		1D6500C2150CB2FF002F5A8B /* Keychain */ = {
			isa = PBXGroup;
			children = (
				1D6500C3150CB351002F5A8B /* KCSUserTsts.h */,
				1D6500C4150CB351002F5A8B /* KCSUserTsts.m */,
				1D1D3EFD151316C1001F571F /* KCSInternetUserTests.h */,
				1D1D3EFE151316C1001F571F /* KCSInternetUserTests.m */,
			);
			name = Keychain;
			sourceTree = "<group>";
		};
		1DAAB8F6151B4ADF00D0D2B3 /* NicoLive */ = {
			isa = PBXGroup;
			children = (
				1DAAB8F8151B4BA500D0D2B3 /* NLAccount.h */,
				1DAAB8F9151B4BA500D0D2B3 /* NLAccount.m */,
				1D141CF1151D8DAA00CEB686 /* NLStatusbarIcon.h */,
				1D141CF2151D8DAA00CEB686 /* NLStatusbarIcon.m */,
			);
			name = NicoLive;
			sourceTree = "<group>";
		};
		1DF062B5151AE2660025C5DE /* Images */ = {
			isa = PBXGroup;
			children = (
				1DF062B7151AE2A70025C5DE /* sbiconalt.png */,
				1DF062B8151AE2A70025C5DE /* sbicon.png */,
				1DF062B9151AE2A70025C5DE /* NicoLiveAlert.icns */,
			);
			name = Images;
			sourceTree = "<group>";
		};
/* End PBXGroup section */

/* Begin PBXNativeTarget section */
		1D1CE2C0150C77BA001E7E39 /* NicoLiveAlert Lion */ = {
			isa = PBXNativeTarget;
			buildConfigurationList = 1D1CE2F3150C77BB001E7E39 /* Build configuration list for PBXNativeTarget "NicoLiveAlert Lion" */;
			buildPhases = (
				1D1CE2BD150C77BA001E7E39 /* Sources */,
				1D1CE2BE150C77BA001E7E39 /* Frameworks */,
				1D1CE2BF150C77BA001E7E39 /* Resources */,
			);
			buildRules = (
			);
			dependencies = (
			);
			name = "NicoLiveAlert Lion";
			productName = NicoLiveAlert;
			productReference = 1D1CE2C1150C77BA001E7E39 /* NicoLiveAlert Lion.app */;
			productType = "com.apple.product-type.application";
		};
		1D1CE2E1150C77BB001E7E39 /* NicoLiveAlertTests Lion */ = {
			isa = PBXNativeTarget;
			buildConfigurationList = 1D1CE2F6150C77BB001E7E39 /* Build configuration list for PBXNativeTarget "NicoLiveAlertTests Lion" */;
			buildPhases = (
				1D1CE2DD150C77BB001E7E39 /* Sources */,
				1D1CE2DE150C77BB001E7E39 /* Frameworks */,
				1D1CE2DF150C77BB001E7E39 /* Resources */,
				1D1CE2E0150C77BB001E7E39 /* ShellScript */,
			);
			buildRules = (
			);
			dependencies = (
				1D1CE2E7150C77BB001E7E39 /* PBXTargetDependency */,
			);
			name = "NicoLiveAlertTests Lion";
			productName = NicoLiveAlertTests;
			productReference = 1D1CE2E2150C77BB001E7E39 /* NicoLiveAlertTests.octest */;
			productType = "com.apple.product-type.bundle";
		};
		1D1CE2FC150C7849001E7E39 /* NicoLiveAlert Leopard */ = {
			isa = PBXNativeTarget;
			buildConfigurationList = 1D1CE325150C7849001E7E39 /* Build configuration list for PBXNativeTarget "NicoLiveAlert Leopard" */;
			buildPhases = (
				1D1CE2F9150C7849001E7E39 /* Sources */,
				1D1CE2FA150C7849001E7E39 /* Frameworks */,
				1D1CE2FB150C7849001E7E39 /* Resources */,
			);
			buildRules = (
			);
			dependencies = (
			);
			name = "NicoLiveAlert Leopard";
			productName = "NicoLiveAlert Leopard";
			productReference = 1D1CE2FD150C7849001E7E39 /* NicoLiveAlert Leopard.app */;
			productType = "com.apple.product-type.application";
		};
		1D1CE316150C7849001E7E39 /* NicoLiveAlertTests Leopard */ = {
			isa = PBXNativeTarget;
			buildConfigurationList = 1D1CE328150C7849001E7E39 /* Build configuration list for PBXNativeTarget "NicoLiveAlertTests Leopard" */;
			buildPhases = (
				1D1CE312150C7849001E7E39 /* Sources */,
				1D1CE313150C7849001E7E39 /* Frameworks */,
				1D1CE314150C7849001E7E39 /* Resources */,
				1D1CE315150C7849001E7E39 /* ShellScript */,
			);
			buildRules = (
			);
			dependencies = (
				1D1CE31B150C7849001E7E39 /* PBXTargetDependency */,
			);
			name = "NicoLiveAlertTests Leopard";
			productName = "NicoLiveAlert Leopard";
			productReference = 1D1CE317150C7849001E7E39 /* NicoLiveAlertTests Leopard.octest */;
			productType = "com.apple.product-type.bundle";
		};
/* End PBXNativeTarget section */

/* Begin PBXProject section */
		1D1CE2B8150C77BA001E7E39 /* Project object */ = {
			isa = PBXProject;
			attributes = {
				LastUpgradeCheck = 0430;
				ORGANIZATIONNAME = iom;
			};
			buildConfigurationList = 1D1CE2BB150C77BA001E7E39 /* Build configuration list for PBXProject "NicoLiveAlert" */;
			compatibilityVersion = "Xcode 3.2";
			developmentRegion = English;
			hasScannedForEncodings = 0;
			knownRegions = (
				en,
				ja,
			);
			mainGroup = 1D1CE2B6150C77BA001E7E39;
			productRefGroup = 1D1CE2C2150C77BA001E7E39 /* Products */;
			projectDirPath = "";
			projectRoot = "";
			targets = (
				1D1CE2C0150C77BA001E7E39 /* NicoLiveAlert Lion */,
				1D1CE2FC150C7849001E7E39 /* NicoLiveAlert Leopard */,
				1D1CE2E1150C77BB001E7E39 /* NicoLiveAlertTests Lion */,
				1D1CE316150C7849001E7E39 /* NicoLiveAlertTests Leopard */,
			);
		};
/* End PBXProject section */

/* Begin PBXResourcesBuildPhase section */
		1D1CE2BF150C77BA001E7E39 /* Resources */ = {
			isa = PBXResourcesBuildPhase;
			buildActionMask = 2147483647;
			files = (
				1D1CE2D0150C77BA001E7E39 /* InfoPlist.strings in Resources */,
				1D1CE2D6150C77BA001E7E39 /* Credits.rtf in Resources */,
				1D1CE2DC150C77BB001E7E39 /* MainMenu.xib in Resources */,
				1DF062BA151AE2A70025C5DE /* sbiconalt.png in Resources */,
				1DF062BE151AE2A70025C5DE /* sbicon.png in Resources */,
				1DF062C2151AE2A70025C5DE /* NicoLiveAlert.icns in Resources */,
				1D1E5233151B0B9900BDD43D /* Localizable.strings in Resources */,
				1D1E5239151B0BA900BDD43D /* Localizable.strings in Resources */,
			);
			runOnlyForDeploymentPostprocessing = 0;
		};
		1D1CE2DF150C77BB001E7E39 /* Resources */ = {
			isa = PBXResourcesBuildPhase;
			buildActionMask = 2147483647;
			files = (
				1D1CE2ED150C77BB001E7E39 /* InfoPlist.strings in Resources */,
				1DF062BC151AE2A70025C5DE /* sbiconalt.png in Resources */,
				1DF062C0151AE2A70025C5DE /* sbicon.png in Resources */,
				1DF062C4151AE2A70025C5DE /* NicoLiveAlert.icns in Resources */,
				1D1E5235151B0B9900BDD43D /* Localizable.strings in Resources */,
				1D1E523B151B0BA900BDD43D /* Localizable.strings in Resources */,
			);
			runOnlyForDeploymentPostprocessing = 0;
		};
		1D1CE2FB150C7849001E7E39 /* Resources */ = {
			isa = PBXResourcesBuildPhase;
			buildActionMask = 2147483647;
			files = (
				1D1CE32F150C7E9E001E7E39 /* InfoPlist.strings in Resources */,
				1D1CE330150C7EA3001E7E39 /* Credits.rtf in Resources */,
				1D1CE331150C7EA6001E7E39 /* MainMenu.xib in Resources */,
				1DF062BB151AE2A70025C5DE /* sbiconalt.png in Resources */,
				1DF062BF151AE2A70025C5DE /* sbicon.png in Resources */,
				1DF062C3151AE2A70025C5DE /* NicoLiveAlert.icns in Resources */,
				1D1E5234151B0B9900BDD43D /* Localizable.strings in Resources */,
				1D1E523A151B0BA900BDD43D /* Localizable.strings in Resources */,
			);
			runOnlyForDeploymentPostprocessing = 0;
		};
		1D1CE314150C7849001E7E39 /* Resources */ = {
			isa = PBXResourcesBuildPhase;
			buildActionMask = 2147483647;
			files = (
				1D1CE32E150C79F5001E7E39 /* InfoPlist.strings in Resources */,
				1DF062BD151AE2A70025C5DE /* sbiconalt.png in Resources */,
				1DF062C1151AE2A70025C5DE /* sbicon.png in Resources */,
				1DF062C5151AE2A70025C5DE /* NicoLiveAlert.icns in Resources */,
				1D1E5236151B0B9900BDD43D /* Localizable.strings in Resources */,
				1D1E523C151B0BA900BDD43D /* Localizable.strings in Resources */,
			);
			runOnlyForDeploymentPostprocessing = 0;
		};
/* End PBXResourcesBuildPhase section */

/* Begin PBXShellScriptBuildPhase section */
		1D1CE2E0150C77BB001E7E39 /* ShellScript */ = {
			isa = PBXShellScriptBuildPhase;
			buildActionMask = 2147483647;
			files = (
			);
			inputPaths = (
			);
			outputPaths = (
			);
			runOnlyForDeploymentPostprocessing = 0;
			shellPath = /bin/sh;
			shellScript = "# Run the unit tests in this test bundle.\n\"${SYSTEM_DEVELOPER_DIR}/Tools/RunUnitTests\"\n";
		};
		1D1CE315150C7849001E7E39 /* ShellScript */ = {
			isa = PBXShellScriptBuildPhase;
			buildActionMask = 2147483647;
			files = (
			);
			inputPaths = (
			);
			outputPaths = (
			);
			runOnlyForDeploymentPostprocessing = 0;
			shellPath = /bin/sh;
			shellScript = "# Run the unit tests in this test bundle.\n\"${SYSTEM_DEVELOPER_DIR}/Tools/RunUnitTests\"\n";
		};
/* End PBXShellScriptBuildPhase section */

/* Begin PBXSourcesBuildPhase section */
		1D1CE2BD150C77BA001E7E39 /* Sources */ = {
			isa = PBXSourcesBuildPhase;
			buildActionMask = 2147483647;
			files = (
				1D1CE2D2150C77BA001E7E39 /* main.m in Sources */,
				1D1CE2D9150C77BA001E7E39 /* NicoLiveAlert.m in Sources */,
				1D6500BE150CB0DE002F5A8B /* KCSUser.m in Sources */,
				1DAAB8FA151B4BA500D0D2B3 /* NLAccount.m in Sources */,
				1D07EB8E151C5C1E00CEF855 /* HTTPConnection.m in Sources */,
				1D141CF3151D8DAA00CEB686 /* NLStatusbarIcon.m in Sources */,
			);
			runOnlyForDeploymentPostprocessing = 0;
		};
		1D1CE2DD150C77BB001E7E39 /* Sources */ = {
			isa = PBXSourcesBuildPhase;
			buildActionMask = 2147483647;
			files = (
				1D1CE2F0150C77BB001E7E39 /* NicoLiveAlertTests.m in Sources */,
				1D6500C8150CB63E002F5A8B /* KCSUser.m in Sources */,
				1D6500C5150CB351002F5A8B /* KCSUserTsts.m in Sources */,
				1D1D3EFF151316C1001F571F /* KCSInternetUserTests.m in Sources */,
				1DAAB8FC151B4BA500D0D2B3 /* NLAccount.m in Sources */,
				1D07EB90151C5C1E00CEF855 /* HTTPConnection.m in Sources */,
				1D141CF5151D8DAA00CEB686 /* NLStatusbarIcon.m in Sources */,
			);
			runOnlyForDeploymentPostprocessing = 0;
		};
		1D1CE2F9150C7849001E7E39 /* Sources */ = {
			isa = PBXSourcesBuildPhase;
			buildActionMask = 2147483647;
			files = (
				1D1CE32C150C79BA001E7E39 /* main.m in Sources */,
				1D1CE32B150C79B0001E7E39 /* NicoLiveAlert.m in Sources */,
				1D6500BF150CB0DE002F5A8B /* KCSUser.m in Sources */,
				1DAAB8FB151B4BA500D0D2B3 /* NLAccount.m in Sources */,
				1D07EB8F151C5C1E00CEF855 /* HTTPConnection.m in Sources */,
				1D141CF4151D8DAA00CEB686 /* NLStatusbarIcon.m in Sources */,
			);
			runOnlyForDeploymentPostprocessing = 0;
		};
		1D1CE312150C7849001E7E39 /* Sources */ = {
			isa = PBXSourcesBuildPhase;
			buildActionMask = 2147483647;
			files = (
				1D1CE32D150C79DA001E7E39 /* NicoLiveAlertTests.m in Sources */,
				1D6500C7150CB63A002F5A8B /* KCSUser.m in Sources */,
				1D6500C6150CB351002F5A8B /* KCSUserTsts.m in Sources */,
				1D1D3F00151316C1001F571F /* KCSInternetUserTests.m in Sources */,
				1DAAB8FD151B4BA500D0D2B3 /* NLAccount.m in Sources */,
				1D07EB91151C5C1E00CEF855 /* HTTPConnection.m in Sources */,
				1D141CF6151D8DAA00CEB686 /* NLStatusbarIcon.m in Sources */,
			);
			runOnlyForDeploymentPostprocessing = 0;
		};
/* End PBXSourcesBuildPhase section */

/* Begin PBXTargetDependency section */
		1D1CE2E7150C77BB001E7E39 /* PBXTargetDependency */ = {
			isa = PBXTargetDependency;
			target = 1D1CE2C0150C77BA001E7E39 /* NicoLiveAlert Lion */;
			targetProxy = 1D1CE2E6150C77BB001E7E39 /* PBXContainerItemProxy */;
		};
		1D1CE31B150C7849001E7E39 /* PBXTargetDependency */ = {
			isa = PBXTargetDependency;
			target = 1D1CE2FC150C7849001E7E39 /* NicoLiveAlert Leopard */;
			targetProxy = 1D1CE31A150C7849001E7E39 /* PBXContainerItemProxy */;
		};
/* End PBXTargetDependency section */

/* Begin PBXVariantGroup section */
		1D1CE2CE150C77BA001E7E39 /* InfoPlist.strings */ = {
			isa = PBXVariantGroup;
			children = (
				1D1CE2CF150C77BA001E7E39 /* en */,
			);
			name = InfoPlist.strings;
			sourceTree = "<group>";
		};
		1D1CE2D4150C77BA001E7E39 /* Credits.rtf */ = {
			isa = PBXVariantGroup;
			children = (
				1D1CE2D5150C77BA001E7E39 /* en */,
			);
			name = Credits.rtf;
			sourceTree = "<group>";
		};
		1D1CE2DA150C77BB001E7E39 /* MainMenu.xib */ = {
			isa = PBXVariantGroup;
			children = (
				1D1CE2DB150C77BB001E7E39 /* en */,
			);
			name = MainMenu.xib;
			sourceTree = "<group>";
		};
		1D1CE2EB150C77BB001E7E39 /* InfoPlist.strings */ = {
			isa = PBXVariantGroup;
			children = (
				1D1CE2EC150C77BB001E7E39 /* en */,
			);
			name = InfoPlist.strings;
			sourceTree = "<group>";
		};
		1D1E5231151B0B9900BDD43D /* Localizable.strings */ = {
			isa = PBXVariantGroup;
			children = (
				1D1E5232151B0B9900BDD43D /* en */,
				1D1E5238151B0BA900BDD43D /* ja */,
			);
			name = Localizable.strings;
			path = ..;
			sourceTree = "<group>";
		};
/* End PBXVariantGroup section */

/* Begin XCBuildConfiguration section */
		1D1CE2F1150C77BB001E7E39 /* Debug */ = {
			isa = XCBuildConfiguration;
			buildSettings = {
				ALWAYS_SEARCH_USER_PATHS = NO;
				ARCHS = "$(ARCHS_STANDARD_64_BIT)";
				CLANG_ENABLE_OBJC_ARC = YES;
				COPY_PHASE_STRIP = NO;
				GCC_C_LANGUAGE_STANDARD = gnu99;
				GCC_DYNAMIC_NO_PIC = NO;
				GCC_ENABLE_OBJC_EXCEPTIONS = YES;
				GCC_OPTIMIZATION_LEVEL = 0;
				GCC_PREPROCESSOR_DEFINITIONS = (
					"DEBUG=1",
					"$(inherited)",
				);
				GCC_SYMBOLS_PRIVATE_EXTERN = NO;
				GCC_VERSION = com.apple.compilers.llvm.clang.1_0;
				GCC_WARN_64_TO_32_BIT_CONVERSION = YES;
				GCC_WARN_ABOUT_RETURN_TYPE = YES;
				GCC_WARN_UNINITIALIZED_AUTOS = YES;
				GCC_WARN_UNUSED_VARIABLE = YES;
				MACOSX_DEPLOYMENT_TARGET = 10.7;
				ONLY_ACTIVE_ARCH = YES;
				SDKROOT = macosx;
			};
			name = Debug;
		};
		1D1CE2F2150C77BB001E7E39 /* Release */ = {
			isa = XCBuildConfiguration;
			buildSettings = {
				ALWAYS_SEARCH_USER_PATHS = NO;
				ARCHS = "$(ARCHS_STANDARD_64_BIT)";
				CLANG_ENABLE_OBJC_ARC = YES;
				COPY_PHASE_STRIP = YES;
				DEBUG_INFORMATION_FORMAT = "dwarf-with-dsym";
				GCC_C_LANGUAGE_STANDARD = gnu99;
				GCC_ENABLE_OBJC_EXCEPTIONS = YES;
				GCC_VERSION = com.apple.compilers.llvm.clang.1_0;
				GCC_WARN_64_TO_32_BIT_CONVERSION = YES;
				GCC_WARN_ABOUT_RETURN_TYPE = YES;
				GCC_WARN_UNINITIALIZED_AUTOS = YES;
				GCC_WARN_UNUSED_VARIABLE = YES;
				MACOSX_DEPLOYMENT_TARGET = 10.7;
				SDKROOT = macosx;
			};
			name = Release;
		};
		1D1CE2F4150C77BB001E7E39 /* Debug */ = {
			isa = XCBuildConfiguration;
			buildSettings = {
				GCC_PRECOMPILE_PREFIX_HEADER = YES;
				GCC_PREFIX_HEADER = "NicoLiveAlert/NicoLiveAlert-Prefix.pch";
				INFOPLIST_FILE = "NicoLiveAlert/NicoLiveAlert-Info.plist";
				OTHER_TEST_FLAGS = "";
				PRODUCT_NAME = "$(TARGET_NAME)";
				WRAPPER_EXTENSION = app;
			};
			name = Debug;
		};
		1D1CE2F5150C77BB001E7E39 /* Release */ = {
			isa = XCBuildConfiguration;
			buildSettings = {
				GCC_PRECOMPILE_PREFIX_HEADER = YES;
				GCC_PREFIX_HEADER = "NicoLiveAlert/NicoLiveAlert-Prefix.pch";
				INFOPLIST_FILE = "NicoLiveAlert/NicoLiveAlert-Info.plist";
				OTHER_TEST_FLAGS = "";
				PRODUCT_NAME = "$(TARGET_NAME)";
				WRAPPER_EXTENSION = app;
			};
			name = Release;
		};
		1D1CE2F7150C77BB001E7E39 /* Debug */ = {
			isa = XCBuildConfiguration;
			buildSettings = {
				BUNDLE_LOADER = "$(BUILT_PRODUCTS_DIR)/NicoLiveAlert.app/Contents/MacOS/NicoLiveAlert";
				FRAMEWORK_SEARCH_PATHS = "$(DEVELOPER_LIBRARY_DIR)/Frameworks";
				GCC_PRECOMPILE_PREFIX_HEADER = YES;
				GCC_PREFIX_HEADER = "NicoLiveAlert/NicoLiveAlert-Prefix.pch";
				INFOPLIST_FILE = "NicoLiveAlertTests/NicoLiveAlertTests-Info.plist";
				PRODUCT_NAME = "$(TARGET_NAME)";
				TEST_HOST = "$(BUNDLE_LOADER)";
				WRAPPER_EXTENSION = octest;
			};
			name = Debug;
		};
		1D1CE2F8150C77BB001E7E39 /* Release */ = {
			isa = XCBuildConfiguration;
			buildSettings = {
				BUNDLE_LOADER = "$(BUILT_PRODUCTS_DIR)/NicoLiveAlert.app/Contents/MacOS/NicoLiveAlert";
				FRAMEWORK_SEARCH_PATHS = "$(DEVELOPER_LIBRARY_DIR)/Frameworks";
				GCC_PRECOMPILE_PREFIX_HEADER = YES;
				GCC_PREFIX_HEADER = "NicoLiveAlert/NicoLiveAlert-Prefix.pch";
				INFOPLIST_FILE = "NicoLiveAlertTests/NicoLiveAlertTests-Info.plist";
				PRODUCT_NAME = "$(TARGET_NAME)";
				TEST_HOST = "$(BUNDLE_LOADER)";
				WRAPPER_EXTENSION = octest;
			};
			name = Release;
		};
		1D1CE326150C7849001E7E39 /* Debug */ = {
			isa = XCBuildConfiguration;
			buildSettings = {
				CLANG_ENABLE_OBJC_ARC = NO;
				GCC_PRECOMPILE_PREFIX_HEADER = YES;
				GCC_PREFIX_HEADER = "NicoLiveAlert/NicoLiveAlert-Prefix.pch";
				INFOPLIST_FILE = "NicoLiveAlert/NicoLiveAlert-Info.plist";
				MACOSX_DEPLOYMENT_TARGET = 10.5;
				OTHER_TEST_FLAGS = "";
				PRODUCT_NAME = "$(TARGET_NAME)";
				SDKROOT = macosx10.5;
				WRAPPER_EXTENSION = app;
			};
			name = Debug;
		};
		1D1CE327150C7849001E7E39 /* Release */ = {
			isa = XCBuildConfiguration;
			buildSettings = {
				CLANG_ENABLE_OBJC_ARC = NO;
				GCC_PRECOMPILE_PREFIX_HEADER = YES;
				GCC_PREFIX_HEADER = "NicoLiveAlert/NicoLiveAlert-Prefix.pch";
				INFOPLIST_FILE = "NicoLiveAlert/NicoLiveAlert-Info.plist";
				MACOSX_DEPLOYMENT_TARGET = 10.5;
				OTHER_TEST_FLAGS = "";
				PRODUCT_NAME = "$(TARGET_NAME)";
				SDKROOT = macosx10.5;
				WRAPPER_EXTENSION = app;
			};
			name = Release;
		};
		1D1CE329150C7849001E7E39 /* Debug */ = {
			isa = XCBuildConfiguration;
			buildSettings = {
				BUNDLE_LOADER = "$(BUILT_PRODUCTS_DIR)/NicoLiveAlert Leopard.app/Contents/MacOS/NicoLiveAlert Leopard";
				CLANG_ENABLE_OBJC_ARC = NO;
				FRAMEWORK_SEARCH_PATHS = "$(DEVELOPER_LIBRARY_DIR)/Frameworks";
				GCC_PRECOMPILE_PREFIX_HEADER = YES;
				GCC_PREFIX_HEADER = "NicoLiveAlert/NicoLiveAlert-Prefix.pch";
				INFOPLIST_FILE = "NicoLiveAlertTests/NicoLiveAlertTests-Info.plist";
				MACOSX_DEPLOYMENT_TARGET = 10.5;
				PRODUCT_NAME = "$(TARGET_NAME)";
				SDKROOT = macosx10.7;
				TEST_HOST = "$(BUNDLE_LOADER)";
				WRAPPER_EXTENSION = octest;
			};
			name = Debug;
		};
		1D1CE32A150C7849001E7E39 /* Release */ = {
			isa = XCBuildConfiguration;
			buildSettings = {
				BUNDLE_LOADER = "$(BUILT_PRODUCTS_DIR)/NicoLiveAlert Leopard.app/Contents/MacOS/NicoLiveAlert Leopard";
				CLANG_ENABLE_OBJC_ARC = NO;
				FRAMEWORK_SEARCH_PATHS = "$(DEVELOPER_LIBRARY_DIR)/Frameworks";
				GCC_PRECOMPILE_PREFIX_HEADER = YES;
				GCC_PREFIX_HEADER = "NicoLiveAlert/NicoLiveAlert-Prefix.pch";
				INFOPLIST_FILE = "NicoLiveAlertTests/NicoLiveAlertTests-Info.plist";
				MACOSX_DEPLOYMENT_TARGET = 10.5;
				PRODUCT_NAME = "$(TARGET_NAME)";
				SDKROOT = macosx10.7;
				TEST_HOST = "$(BUNDLE_LOADER)";
				WRAPPER_EXTENSION = octest;
			};
			name = Release;
		};
/* End XCBuildConfiguration section */

/* Begin XCConfigurationList section */
		1D1CE2BB150C77BA001E7E39 /* Build configuration list for PBXProject "NicoLiveAlert" */ = {
			isa = XCConfigurationList;
			buildConfigurations = (
				1D1CE2F1150C77BB001E7E39 /* Debug */,
				1D1CE2F2150C77BB001E7E39 /* Release */,
			);
			defaultConfigurationIsVisible = 0;
			defaultConfigurationName = Release;
		};
		1D1CE2F3150C77BB001E7E39 /* Build configuration list for PBXNativeTarget "NicoLiveAlert Lion" */ = {
			isa = XCConfigurationList;
			buildConfigurations = (
				1D1CE2F4150C77BB001E7E39 /* Debug */,
				1D1CE2F5150C77BB001E7E39 /* Release */,
			);
			defaultConfigurationIsVisible = 0;
			defaultConfigurationName = Release;
		};
		1D1CE2F6150C77BB001E7E39 /* Build configuration list for PBXNativeTarget "NicoLiveAlertTests Lion" */ = {
			isa = XCConfigurationList;
			buildConfigurations = (
				1D1CE2F7150C77BB001E7E39 /* Debug */,
				1D1CE2F8150C77BB001E7E39 /* Release */,
			);
			defaultConfigurationIsVisible = 0;
			defaultConfigurationName = Release;
		};
		1D1CE325150C7849001E7E39 /* Build configuration list for PBXNativeTarget "NicoLiveAlert Leopard" */ = {
			isa = XCConfigurationList;
			buildConfigurations = (
				1D1CE326150C7849001E7E39 /* Debug */,
				1D1CE327150C7849001E7E39 /* Release */,
			);
			defaultConfigurationIsVisible = 0;
			defaultConfigurationName = Release;
		};
		1D1CE328150C7849001E7E39 /* Build configuration list for PBXNativeTarget "NicoLiveAlertTests Leopard" */ = {
			isa = XCConfigurationList;
			buildConfigurations = (
				1D1CE329150C7849001E7E39 /* Debug */,
				1D1CE32A150C7849001E7E39 /* Release */,
			);
			defaultConfigurationIsVisible = 0;
			defaultConfigurationName = Release;
		};
/* End XCConfigurationList section */
	};
	rootObject = 1D1CE2B8150C77BA001E7E39 /* Project object */;
}
